// !$*UTF8*$!
{
	archiveVersion = 1;
	classes = {
	};
	objectVersion = 56;
	objects = {

/* Begin PBXBuildFile section */
		F4099D4829A3208500B764A3 /* FDObservable.swift in Sources */ = {isa = PBXBuildFile; fileRef = F4099D4729A3208500B764A3 /* FDObservable.swift */; };
		F4099D4A29A3246300B764A3 /* FtuxViewModel.swift in Sources */ = {isa = PBXBuildFile; fileRef = F4099D4929A3246300B764A3 /* FtuxViewModel.swift */; };
		F43840EB29628D9C00EFFFAD /* AppDelegate.swift in Sources */ = {isa = PBXBuildFile; fileRef = F43840EA29628D9C00EFFFAD /* AppDelegate.swift */; };
		F43840ED29628D9C00EFFFAD /* SceneDelegate.swift in Sources */ = {isa = PBXBuildFile; fileRef = F43840EC29628D9C00EFFFAD /* SceneDelegate.swift */; };
		F43840F429628DA000EFFFAD /* Assets.xcassets in Resources */ = {isa = PBXBuildFile; fileRef = F43840F329628DA000EFFFAD /* Assets.xcassets */; };
		F43840F729628DA000EFFFAD /* LaunchScreen.storyboard in Resources */ = {isa = PBXBuildFile; fileRef = F43840F529628DA000EFFFAD /* LaunchScreen.storyboard */; };
		F438410229628DA000EFFFAD /* FoodDeliveryTests.swift in Sources */ = {isa = PBXBuildFile; fileRef = F438410129628DA000EFFFAD /* FoodDeliveryTests.swift */; };
		F438410C29628DA000EFFFAD /* FoodDeliveryUITests.swift in Sources */ = {isa = PBXBuildFile; fileRef = F438410B29628DA000EFFFAD /* FoodDeliveryUITests.swift */; };
		F438410E29628DA000EFFFAD /* FoodDeliveryUITestsLaunchTests.swift in Sources */ = {isa = PBXBuildFile; fileRef = F438410D29628DA000EFFFAD /* FoodDeliveryUITestsLaunchTests.swift */; };
		F438411D2962916300EFFFAD /* Ftux.storyboard in Resources */ = {isa = PBXBuildFile; fileRef = F438411C2962916300EFFFAD /* Ftux.storyboard */; };
		F4EFF2D729A1B8AD00A72878 /* Ftux.swift in Sources */ = {isa = PBXBuildFile; fileRef = F4EFF2D629A1B8AD00A72878 /* Ftux.swift */; };
		F4EFF2DA29A1B9A400A72878 /* FtuxProvider.swift in Sources */ = {isa = PBXBuildFile; fileRef = F4EFF2D929A1B9A400A72878 /* FtuxProvider.swift */; };
		F4F4D41629A1D25D00633A91 /* FtuxViewController.swift in Sources */ = {isa = PBXBuildFile; fileRef = F438411E2962929A00EFFFAD /* FtuxViewController.swift */; };
		F4F4D41729A1D26100633A91 /* CollectionViewCell.swift in Sources */ = {isa = PBXBuildFile; fileRef = F4A2626E29A1CD20003FD910 /* CollectionViewCell.swift */; };
/* End PBXBuildFile section */

/* Begin PBXContainerItemProxy section */
		F43840FE29628DA000EFFFAD /* PBXContainerItemProxy */ = {
			isa = PBXContainerItemProxy;
			containerPortal = F43840DF29628D9C00EFFFAD /* Project object */;
			proxyType = 1;
			remoteGlobalIDString = F43840E629628D9C00EFFFAD;
			remoteInfo = FoodDelivery;
		};
		F438410829628DA000EFFFAD /* PBXContainerItemProxy */ = {
			isa = PBXContainerItemProxy;
			containerPortal = F43840DF29628D9C00EFFFAD /* Project object */;
			proxyType = 1;
			remoteGlobalIDString = F43840E629628D9C00EFFFAD;
			remoteInfo = FoodDelivery;
		};
/* End PBXContainerItemProxy section */

/* Begin PBXFileReference section */
		F4099D4729A3208500B764A3 /* FDObservable.swift */ = {isa = PBXFileReference; lastKnownFileType = sourcecode.swift; path = FDObservable.swift; sourceTree = "<group>"; };
		F4099D4929A3246300B764A3 /* FtuxViewModel.swift */ = {isa = PBXFileReference; lastKnownFileType = sourcecode.swift; path = FtuxViewModel.swift; sourceTree = "<group>"; };
		F43840E729628D9C00EFFFAD /* FoodDelivery.app */ = {isa = PBXFileReference; explicitFileType = wrapper.application; includeInIndex = 0; path = FoodDelivery.app; sourceTree = BUILT_PRODUCTS_DIR; };
		F43840EA29628D9C00EFFFAD /* AppDelegate.swift */ = {isa = PBXFileReference; lastKnownFileType = sourcecode.swift; path = AppDelegate.swift; sourceTree = "<group>"; };
		F43840EC29628D9C00EFFFAD /* SceneDelegate.swift */ = {isa = PBXFileReference; lastKnownFileType = sourcecode.swift; path = SceneDelegate.swift; sourceTree = "<group>"; };
		F43840F329628DA000EFFFAD /* Assets.xcassets */ = {isa = PBXFileReference; lastKnownFileType = folder.assetcatalog; path = Assets.xcassets; sourceTree = "<group>"; };
		F43840F629628DA000EFFFAD /* Base */ = {isa = PBXFileReference; lastKnownFileType = file.storyboard; name = Base; path = Base.lproj/LaunchScreen.storyboard; sourceTree = "<group>"; };
		F43840F829628DA000EFFFAD /* Info.plist */ = {isa = PBXFileReference; lastKnownFileType = text.plist.xml; path = Info.plist; sourceTree = "<group>"; };
		F43840FD29628DA000EFFFAD /* FoodDeliveryTests.xctest */ = {isa = PBXFileReference; explicitFileType = wrapper.cfbundle; includeInIndex = 0; path = FoodDeliveryTests.xctest; sourceTree = BUILT_PRODUCTS_DIR; };
		F438410129628DA000EFFFAD /* FoodDeliveryTests.swift */ = {isa = PBXFileReference; lastKnownFileType = sourcecode.swift; path = FoodDeliveryTests.swift; sourceTree = "<group>"; };
		F438410729628DA000EFFFAD /* FoodDeliveryUITests.xctest */ = {isa = PBXFileReference; explicitFileType = wrapper.cfbundle; includeInIndex = 0; path = FoodDeliveryUITests.xctest; sourceTree = BUILT_PRODUCTS_DIR; };
		F438410B29628DA000EFFFAD /* FoodDeliveryUITests.swift */ = {isa = PBXFileReference; lastKnownFileType = sourcecode.swift; path = FoodDeliveryUITests.swift; sourceTree = "<group>"; };
		F438410D29628DA000EFFFAD /* FoodDeliveryUITestsLaunchTests.swift */ = {isa = PBXFileReference; lastKnownFileType = sourcecode.swift; path = FoodDeliveryUITestsLaunchTests.swift; sourceTree = "<group>"; };
		F438411C2962916300EFFFAD /* Ftux.storyboard */ = {isa = PBXFileReference; lastKnownFileType = file.storyboard; path = Ftux.storyboard; sourceTree = "<group>"; };
		F438411E2962929A00EFFFAD /* FtuxViewController.swift */ = {isa = PBXFileReference; lastKnownFileType = sourcecode.swift; path = FtuxViewController.swift; sourceTree = "<group>"; };
		F4A2626E29A1CD20003FD910 /* CollectionViewCell.swift */ = {isa = PBXFileReference; lastKnownFileType = sourcecode.swift; path = CollectionViewCell.swift; sourceTree = "<group>"; };
		F4EFF2D629A1B8AD00A72878 /* Ftux.swift */ = {isa = PBXFileReference; lastKnownFileType = sourcecode.swift; path = Ftux.swift; sourceTree = "<group>"; };
		F4EFF2D929A1B9A400A72878 /* FtuxProvider.swift */ = {isa = PBXFileReference; lastKnownFileType = sourcecode.swift; path = FtuxProvider.swift; sourceTree = "<group>"; };
/* End PBXFileReference section */

/* Begin PBXFrameworksBuildPhase section */
		F43840E429628D9C00EFFFAD /* Frameworks */ = {
			isa = PBXFrameworksBuildPhase;
			buildActionMask = 2147483647;
			files = (
			);
			runOnlyForDeploymentPostprocessing = 0;
		};
		F43840FA29628DA000EFFFAD /* Frameworks */ = {
			isa = PBXFrameworksBuildPhase;
			buildActionMask = 2147483647;
			files = (
			);
			runOnlyForDeploymentPostprocessing = 0;
		};
		F438410429628DA000EFFFAD /* Frameworks */ = {
			isa = PBXFrameworksBuildPhase;
			buildActionMask = 2147483647;
			files = (
			);
			runOnlyForDeploymentPostprocessing = 0;
		};
/* End PBXFrameworksBuildPhase section */

/* Begin PBXGroup section */
		F43840DE29628D9C00EFFFAD = {
			isa = PBXGroup;
			children = (
				F43840E929628D9C00EFFFAD /* FoodDelivery */,
				F438410029628DA000EFFFAD /* FoodDeliveryTests */,
				F438410A29628DA000EFFFAD /* FoodDeliveryUITests */,
				F43840E829628D9C00EFFFAD /* Products */,
			);
			sourceTree = "<group>";
		};
		F43840E829628D9C00EFFFAD /* Products */ = {
			isa = PBXGroup;
			children = (
				F43840E729628D9C00EFFFAD /* FoodDelivery.app */,
				F43840FD29628DA000EFFFAD /* FoodDeliveryTests.xctest */,
				F438410729628DA000EFFFAD /* FoodDeliveryUITests.xctest */,
			);
			name = Products;
			sourceTree = "<group>";
		};
		F43840E929628D9C00EFFFAD /* FoodDelivery */ = {
			isa = PBXGroup;
			children = (
				F4EFF2D829A1B99400A72878 /* Providers */,
				F4EFF2D529A1B89900A72878 /* Models */,
				F438411A2962914000EFFFAD /* Modules */,
				F43840EA29628D9C00EFFFAD /* AppDelegate.swift */,
				F43840EC29628D9C00EFFFAD /* SceneDelegate.swift */,
				F43840F329628DA000EFFFAD /* Assets.xcassets */,
				F43840F529628DA000EFFFAD /* LaunchScreen.storyboard */,
				F43840F829628DA000EFFFAD /* Info.plist */,
			);
			path = FoodDelivery;
			sourceTree = "<group>";
		};
		F438410029628DA000EFFFAD /* FoodDeliveryTests */ = {
			isa = PBXGroup;
			children = (
				F438410129628DA000EFFFAD /* FoodDeliveryTests.swift */,
			);
			path = FoodDeliveryTests;
			sourceTree = "<group>";
		};
		F438410A29628DA000EFFFAD /* FoodDeliveryUITests */ = {
			isa = PBXGroup;
			children = (
				F438410B29628DA000EFFFAD /* FoodDeliveryUITests.swift */,
				F438410D29628DA000EFFFAD /* FoodDeliveryUITestsLaunchTests.swift */,
			);
			path = FoodDeliveryUITests;
			sourceTree = "<group>";
		};
		F438411A2962914000EFFFAD /* Modules */ = {
			isa = PBXGroup;
			children = (
				F438411B2962914600EFFFAD /* Ftux */,
			);
			path = Modules;
			sourceTree = "<group>";
		};
		F438411B2962914600EFFFAD /* Ftux */ = {
			isa = PBXGroup;
			children = (
				F438411C2962916300EFFFAD /* Ftux.storyboard */,
				F438411E2962929A00EFFFAD /* FtuxViewController.swift */,
				F4A2626E29A1CD20003FD910 /* CollectionViewCell.swift */,
				F4099D4929A3246300B764A3 /* FtuxViewModel.swift */,
			);
			path = Ftux;
			sourceTree = "<group>";
		};
		F4EFF2D529A1B89900A72878 /* Models */ = {
			isa = PBXGroup;
			children = (
				F4EFF2D629A1B8AD00A72878 /* Ftux.swift */,
				F4099D4729A3208500B764A3 /* FDObservable.swift */,
			);
			path = Models;
			sourceTree = "<group>";
		};
		F4EFF2D829A1B99400A72878 /* Providers */ = {
			isa = PBXGroup;
			children = (
				F4EFF2D929A1B9A400A72878 /* FtuxProvider.swift */,
			);
			path = Providers;
			sourceTree = "<group>";
		};
/* End PBXGroup section */

/* Begin PBXNativeTarget section */
		F43840E629628D9C00EFFFAD /* FoodDelivery */ = {
			isa = PBXNativeTarget;
			buildConfigurationList = F438411129628DA000EFFFAD /* Build configuration list for PBXNativeTarget "FoodDelivery" */;
			buildPhases = (
				F43840E329628D9C00EFFFAD /* Sources */,
				F43840E429628D9C00EFFFAD /* Frameworks */,
				F43840E529628D9C00EFFFAD /* Resources */,
			);
			buildRules = (
			);
			dependencies = (
			);
			name = FoodDelivery;
			productName = FoodDelivery;
			productReference = F43840E729628D9C00EFFFAD /* FoodDelivery.app */;
			productType = "com.apple.product-type.application";
		};
		F43840FC29628DA000EFFFAD /* FoodDeliveryTests */ = {
			isa = PBXNativeTarget;
			buildConfigurationList = F438411429628DA000EFFFAD /* Build configuration list for PBXNativeTarget "FoodDeliveryTests" */;
			buildPhases = (
				F43840F929628DA000EFFFAD /* Sources */,
				F43840FA29628DA000EFFFAD /* Frameworks */,
				F43840FB29628DA000EFFFAD /* Resources */,
			);
			buildRules = (
			);
			dependencies = (
				F43840FF29628DA000EFFFAD /* PBXTargetDependency */,
			);
			name = FoodDeliveryTests;
			productName = FoodDeliveryTests;
			productReference = F43840FD29628DA000EFFFAD /* FoodDeliveryTests.xctest */;
			productType = "com.apple.product-type.bundle.unit-test";
		};
		F438410629628DA000EFFFAD /* FoodDeliveryUITests */ = {
			isa = PBXNativeTarget;
			buildConfigurationList = F438411729628DA000EFFFAD /* Build configuration list for PBXNativeTarget "FoodDeliveryUITests" */;
			buildPhases = (
				F438410329628DA000EFFFAD /* Sources */,
				F438410429628DA000EFFFAD /* Frameworks */,
				F438410529628DA000EFFFAD /* Resources */,
			);
			buildRules = (
			);
			dependencies = (
				F438410929628DA000EFFFAD /* PBXTargetDependency */,
			);
			name = FoodDeliveryUITests;
			productName = FoodDeliveryUITests;
			productReference = F438410729628DA000EFFFAD /* FoodDeliveryUITests.xctest */;
			productType = "com.apple.product-type.bundle.ui-testing";
		};
/* End PBXNativeTarget section */

/* Begin PBXProject section */
		F43840DF29628D9C00EFFFAD /* Project object */ = {
			isa = PBXProject;
			attributes = {
				BuildIndependentTargetsInParallel = 1;
				LastSwiftUpdateCheck = 1410;
				LastUpgradeCheck = 1410;
				TargetAttributes = {
					F43840E629628D9C00EFFFAD = {
						CreatedOnToolsVersion = 14.1;
						LastSwiftMigration = 1410;
					};
					F43840FC29628DA000EFFFAD = {
						CreatedOnToolsVersion = 14.1;
						TestTargetID = F43840E629628D9C00EFFFAD;
					};
					F438410629628DA000EFFFAD = {
						CreatedOnToolsVersion = 14.1;
						TestTargetID = F43840E629628D9C00EFFFAD;
					};
				};
			};
			buildConfigurationList = F43840E229628D9C00EFFFAD /* Build configuration list for PBXProject "FoodDelivery" */;
			compatibilityVersion = "Xcode 14.0";
			developmentRegion = en;
			hasScannedForEncodings = 0;
			knownRegions = (
				en,
				Base,
			);
			mainGroup = F43840DE29628D9C00EFFFAD;
			productRefGroup = F43840E829628D9C00EFFFAD /* Products */;
			projectDirPath = "";
			projectRoot = "";
			targets = (
				F43840E629628D9C00EFFFAD /* FoodDelivery */,
				F43840FC29628DA000EFFFAD /* FoodDeliveryTests */,
				F438410629628DA000EFFFAD /* FoodDeliveryUITests */,
			);
		};
/* End PBXProject section */

/* Begin PBXResourcesBuildPhase section */
		F43840E529628D9C00EFFFAD /* Resources */ = {
			isa = PBXResourcesBuildPhase;
			buildActionMask = 2147483647;
			files = (
				F43840F729628DA000EFFFAD /* LaunchScreen.storyboard in Resources */,
				F438411D2962916300EFFFAD /* Ftux.storyboard in Resources */,
				F43840F429628DA000EFFFAD /* Assets.xcassets in Resources */,
			);
			runOnlyForDeploymentPostprocessing = 0;
		};
		F43840FB29628DA000EFFFAD /* Resources */ = {
			isa = PBXResourcesBuildPhase;
			buildActionMask = 2147483647;
			files = (
			);
			runOnlyForDeploymentPostprocessing = 0;
		};
		F438410529628DA000EFFFAD /* Resources */ = {
			isa = PBXResourcesBuildPhase;
			buildActionMask = 2147483647;
			files = (
			);
			runOnlyForDeploymentPostprocessing = 0;
		};
/* End PBXResourcesBuildPhase section */

/* Begin PBXSourcesBuildPhase section */
		F43840E329628D9C00EFFFAD /* Sources */ = {
			isa = PBXSourcesBuildPhase;
			buildActionMask = 2147483647;
			files = (
				F4EFF2D729A1B8AD00A72878 /* Ftux.swift in Sources */,
				F4099D4A29A3246300B764A3 /* FtuxViewModel.swift in Sources */,
				F4099D4829A3208500B764A3 /* FDObservable.swift in Sources */,
				F4F4D41629A1D25D00633A91 /* FtuxViewController.swift in Sources */,
				F4F4D41729A1D26100633A91 /* CollectionViewCell.swift in Sources */,
				F4EFF2DA29A1B9A400A72878 /* FtuxProvider.swift in Sources */,
				F43840EB29628D9C00EFFFAD /* AppDelegate.swift in Sources */,
				F43840ED29628D9C00EFFFAD /* SceneDelegate.swift in Sources */,
			);
			runOnlyForDeploymentPostprocessing = 0;
		};
		F43840F929628DA000EFFFAD /* Sources */ = {
			isa = PBXSourcesBuildPhase;
			buildActionMask = 2147483647;
			files = (
				F438410229628DA000EFFFAD /* FoodDeliveryTests.swift in Sources */,
			);
			runOnlyForDeploymentPostprocessing = 0;
		};
		F438410329628DA000EFFFAD /* Sources */ = {
			isa = PBXSourcesBuildPhase;
			buildActionMask = 2147483647;
			files = (
				F438410E29628DA000EFFFAD /* FoodDeliveryUITestsLaunchTests.swift in Sources */,
				F438410C29628DA000EFFFAD /* FoodDeliveryUITests.swift in Sources */,
			);
			runOnlyForDeploymentPostprocessing = 0;
		};
/* End PBXSourcesBuildPhase section */

/* Begin PBXTargetDependency section */
		F43840FF29628DA000EFFFAD /* PBXTargetDependency */ = {
			isa = PBXTargetDependency;
			target = F43840E629628D9C00EFFFAD /* FoodDelivery */;
			targetProxy = F43840FE29628DA000EFFFAD /* PBXContainerItemProxy */;
		};
		F438410929628DA000EFFFAD /* PBXTargetDependency */ = {
			isa = PBXTargetDependency;
			target = F43840E629628D9C00EFFFAD /* FoodDelivery */;
			targetProxy = F438410829628DA000EFFFAD /* PBXContainerItemProxy */;
		};
/* End PBXTargetDependency section */

/* Begin PBXVariantGroup section */
		F43840F529628DA000EFFFAD /* LaunchScreen.storyboard */ = {
			isa = PBXVariantGroup;
			children = (
				F43840F629628DA000EFFFAD /* Base */,
			);
			name = LaunchScreen.storyboard;
			sourceTree = "<group>";
		};
/* End PBXVariantGroup section */

/* Begin XCBuildConfiguration section */
		F438410F29628DA000EFFFAD /* Debug */ = {
			isa = XCBuildConfiguration;
			buildSettings = {
				ALWAYS_SEARCH_USER_PATHS = NO;
				CLANG_ANALYZER_NONNULL = YES;
				CLANG_ANALYZER_NUMBER_OBJECT_CONVERSION = YES_AGGRESSIVE;
				CLANG_CXX_LANGUAGE_STANDARD = "gnu++20";
				CLANG_ENABLE_MODULES = YES;
				CLANG_ENABLE_OBJC_ARC = YES;
				CLANG_ENABLE_OBJC_WEAK = YES;
				CLANG_WARN_BLOCK_CAPTURE_AUTORELEASING = YES;
				CLANG_WARN_BOOL_CONVERSION = YES;
				CLANG_WARN_COMMA = YES;
				CLANG_WARN_CONSTANT_CONVERSION = YES;
				CLANG_WARN_DEPRECATED_OBJC_IMPLEMENTATIONS = YES;
				CLANG_WARN_DIRECT_OBJC_ISA_USAGE = YES_ERROR;
				CLANG_WARN_DOCUMENTATION_COMMENTS = YES;
				CLANG_WARN_EMPTY_BODY = YES;
				CLANG_WARN_ENUM_CONVERSION = YES;
				CLANG_WARN_INFINITE_RECURSION = YES;
				CLANG_WARN_INT_CONVERSION = YES;
				CLANG_WARN_NON_LITERAL_NULL_CONVERSION = YES;
				CLANG_WARN_OBJC_IMPLICIT_RETAIN_SELF = YES;
				CLANG_WARN_OBJC_LITERAL_CONVERSION = YES;
				CLANG_WARN_OBJC_ROOT_CLASS = YES_ERROR;
				CLANG_WARN_QUOTED_INCLUDE_IN_FRAMEWORK_HEADER = YES;
				CLANG_WARN_RANGE_LOOP_ANALYSIS = YES;
				CLANG_WARN_STRICT_PROTOTYPES = YES;
				CLANG_WARN_SUSPICIOUS_MOVE = YES;
				CLANG_WARN_UNGUARDED_AVAILABILITY = YES_AGGRESSIVE;
				CLANG_WARN_UNREACHABLE_CODE = YES;
				CLANG_WARN__DUPLICATE_METHOD_MATCH = YES;
				COPY_PHASE_STRIP = NO;
				DEBUG_INFORMATION_FORMAT = dwarf;
				ENABLE_STRICT_OBJC_MSGSEND = YES;
				ENABLE_TESTABILITY = YES;
				GCC_C_LANGUAGE_STANDARD = gnu11;
				GCC_DYNAMIC_NO_PIC = NO;
				GCC_NO_COMMON_BLOCKS = YES;
				GCC_OPTIMIZATION_LEVEL = 0;
				GCC_PREPROCESSOR_DEFINITIONS = (
					"DEBUG=1",
					"$(inherited)",
				);
				GCC_WARN_64_TO_32_BIT_CONVERSION = YES;
				GCC_WARN_ABOUT_RETURN_TYPE = YES_ERROR;
				GCC_WARN_UNDECLARED_SELECTOR = YES;
				GCC_WARN_UNINITIALIZED_AUTOS = YES_AGGRESSIVE;
				GCC_WARN_UNUSED_FUNCTION = YES;
				GCC_WARN_UNUSED_VARIABLE = YES;
				IPHONEOS_DEPLOYMENT_TARGET = 16.1;
				MTL_ENABLE_DEBUG_INFO = INCLUDE_SOURCE;
				MTL_FAST_MATH = YES;
				ONLY_ACTIVE_ARCH = YES;
				SDKROOT = iphoneos;
				SWIFT_ACTIVE_COMPILATION_CONDITIONS = DEBUG;
				SWIFT_OPTIMIZATION_LEVEL = "-Onone";
			};
			name = Debug;
		};
		F438411029628DA000EFFFAD /* Release */ = {
			isa = XCBuildConfiguration;
			buildSettings = {
				ALWAYS_SEARCH_USER_PATHS = NO;
				CLANG_ANALYZER_NONNULL = YES;
				CLANG_ANALYZER_NUMBER_OBJECT_CONVERSION = YES_AGGRESSIVE;
				CLANG_CXX_LANGUAGE_STANDARD = "gnu++20";
				CLANG_ENABLE_MODULES = YES;
				CLANG_ENABLE_OBJC_ARC = YES;
				CLANG_ENABLE_OBJC_WEAK = YES;
				CLANG_WARN_BLOCK_CAPTURE_AUTORELEASING = YES;
				CLANG_WARN_BOOL_CONVERSION = YES;
				CLANG_WARN_COMMA = YES;
				CLANG_WARN_CONSTANT_CONVERSION = YES;
				CLANG_WARN_DEPRECATED_OBJC_IMPLEMENTATIONS = YES;
				CLANG_WARN_DIRECT_OBJC_ISA_USAGE = YES_ERROR;
				CLANG_WARN_DOCUMENTATION_COMMENTS = YES;
				CLANG_WARN_EMPTY_BODY = YES;
				CLANG_WARN_ENUM_CONVERSION = YES;
				CLANG_WARN_INFINITE_RECURSION = YES;
				CLANG_WARN_INT_CONVERSION = YES;
				CLANG_WARN_NON_LITERAL_NULL_CONVERSION = YES;
				CLANG_WARN_OBJC_IMPLICIT_RETAIN_SELF = YES;
				CLANG_WARN_OBJC_LITERAL_CONVERSION = YES;
				CLANG_WARN_OBJC_ROOT_CLASS = YES_ERROR;
				CLANG_WARN_QUOTED_INCLUDE_IN_FRAMEWORK_HEADER = YES;
				CLANG_WARN_RANGE_LOOP_ANALYSIS = YES;
				CLANG_WARN_STRICT_PROTOTYPES = YES;
				CLANG_WARN_SUSPICIOUS_MOVE = YES;
				CLANG_WARN_UNGUARDED_AVAILABILITY = YES_AGGRESSIVE;
				CLANG_WARN_UNREACHABLE_CODE = YES;
				CLANG_WARN__DUPLICATE_METHOD_MATCH = YES;
				COPY_PHASE_STRIP = NO;
				DEBUG_INFORMATION_FORMAT = "dwarf-with-dsym";
				ENABLE_NS_ASSERTIONS = NO;
				ENABLE_STRICT_OBJC_MSGSEND = YES;
				GCC_C_LANGUAGE_STANDARD = gnu11;
				GCC_NO_COMMON_BLOCKS = YES;
				GCC_WARN_64_TO_32_BIT_CONVERSION = YES;
				GCC_WARN_ABOUT_RETURN_TYPE = YES_ERROR;
				GCC_WARN_UNDECLARED_SELECTOR = YES;
				GCC_WARN_UNINITIALIZED_AUTOS = YES_AGGRESSIVE;
				GCC_WARN_UNUSED_FUNCTION = YES;
				GCC_WARN_UNUSED_VARIABLE = YES;
				IPHONEOS_DEPLOYMENT_TARGET = 16.1;
				MTL_ENABLE_DEBUG_INFO = NO;
				MTL_FAST_MATH = YES;
				SDKROOT = iphoneos;
				SWIFT_COMPILATION_MODE = wholemodule;
				SWIFT_OPTIMIZATION_LEVEL = "-O";
				VALIDATE_PRODUCT = YES;
			};
			name = Release;
		};
		F438411229628DA000EFFFAD /* Debug */ = {
			isa = XCBuildConfiguration;
			buildSettings = {
				ASSETCATALOG_COMPILER_APPICON_NAME = AppIcon;
				ASSETCATALOG_COMPILER_GLOBAL_ACCENT_COLOR_NAME = AccentColor;
				CLANG_ENABLE_MODULES = YES;
				CODE_SIGN_STYLE = Automatic;
				CURRENT_PROJECT_VERSION = 1;
				DEVELOPMENT_TEAM = 742C63FPDC;
				GENERATE_INFOPLIST_FILE = YES;
				INFOPLIST_FILE = FoodDelivery/Info.plist;
				INFOPLIST_KEY_UIApplicationSupportsIndirectInputEvents = YES;
				INFOPLIST_KEY_UILaunchStoryboardName = LaunchScreen.storyboard;
				INFOPLIST_KEY_UIMainStoryboardFile = Ftux;
				INFOPLIST_KEY_UISupportedInterfaceOrientations_iPad = "UIInterfaceOrientationPortrait UIInterfaceOrientationPortraitUpsideDown UIInterfaceOrientationLandscapeLeft UIInterfaceOrientationLandscapeRight";
				INFOPLIST_KEY_UISupportedInterfaceOrientations_iPhone = "UIInterfaceOrientationPortrait UIInterfaceOrientationLandscapeLeft UIInterfaceOrientationLandscapeRight";
				LD_RUNPATH_SEARCH_PATHS = (
					"$(inherited)",
					"@executable_path/Frameworks",
				);
				MARKETING_VERSION = 1.0;
				PRODUCT_BUNDLE_IDENTIFIER = com.FoodDelivery;
				PRODUCT_NAME = "$(TARGET_NAME)";
				SWIFT_EMIT_LOC_STRINGS = YES;
				SWIFT_OBJC_BRIDGING_HEADER = "";
				SWIFT_OPTIMIZATION_LEVEL = "-Onone";
				SWIFT_VERSION = 5.0;
				TARGETED_DEVICE_FAMILY = "1,2";
			};
			name = Debug;
		};
		F438411329628DA000EFFFAD /* Release */ = {
			isa = XCBuildConfiguration;
			buildSettings = {
				ASSETCATALOG_COMPILER_APPICON_NAME = AppIcon;
				ASSETCATALOG_COMPILER_GLOBAL_ACCENT_COLOR_NAME = AccentColor;
				CLANG_ENABLE_MODULES = YES;
				CODE_SIGN_STYLE = Automatic;
				CURRENT_PROJECT_VERSION = 1;
				DEVELOPMENT_TEAM = 742C63FPDC;
				GENERATE_INFOPLIST_FILE = YES;
				INFOPLIST_FILE = FoodDelivery/Info.plist;
				INFOPLIST_KEY_UIApplicationSupportsIndirectInputEvents = YES;
				INFOPLIST_KEY_UILaunchStoryboardName = LaunchScreen.storyboard;
				INFOPLIST_KEY_UIMainStoryboardFile = Ftux;
				INFOPLIST_KEY_UISupportedInterfaceOrientations_iPad = "UIInterfaceOrientationPortrait UIInterfaceOrientationPortraitUpsideDown UIInterfaceOrientationLandscapeLeft UIInterfaceOrientationLandscapeRight";
				INFOPLIST_KEY_UISupportedInterfaceOrientations_iPhone = "UIInterfaceOrientationPortrait UIInterfaceOrientationLandscapeLeft UIInterfaceOrientationLandscapeRight";
				LD_RUNPATH_SEARCH_PATHS = (
					"$(inherited)",
					"@executable_path/Frameworks",
				);
				MARKETING_VERSION = 1.0;
				PRODUCT_BUNDLE_IDENTIFIER = com.FoodDelivery;
				PRODUCT_NAME = "$(TARGET_NAME)";
				SWIFT_EMIT_LOC_STRINGS = YES;
				SWIFT_OBJC_BRIDGING_HEADER = "";
				SWIFT_VERSION = 5.0;
				TARGETED_DEVICE_FAMILY = "1,2";
			};
			name = Release;
		};
		F438411529628DA000EFFFAD /* Debug */ = {
			isa = XCBuildConfiguration;
			buildSettings = {
				ALWAYS_EMBED_SWIFT_STANDARD_LIBRARIES = YES;
				BUNDLE_LOADER = "$(TEST_HOST)";
				CODE_SIGN_STYLE = Automatic;
				CURRENT_PROJECT_VERSION = 1;
				DEVELOPMENT_TEAM = 742C63FPDC;
				GENERATE_INFOPLIST_FILE = YES;
				IPHONEOS_DEPLOYMENT_TARGET = 16.1;
				MARKETING_VERSION = 1.0;
				PRODUCT_BUNDLE_IDENTIFIER = com.FoodDeliveryTests;
				PRODUCT_NAME = "$(TARGET_NAME)";
				SWIFT_EMIT_LOC_STRINGS = NO;
				SWIFT_VERSION = 5.0;
				TARGETED_DEVICE_FAMILY = "1,2";
				TEST_HOST = "$(BUILT_PRODUCTS_DIR)/FoodDelivery.app/$(BUNDLE_EXECUTABLE_FOLDER_PATH)/FoodDelivery";
			};
			name = Debug;
		};
		F438411629628DA000EFFFAD /* Release */ = {
			isa = XCBuildConfiguration;
			buildSettings = {
				ALWAYS_EMBED_SWIFT_STANDARD_LIBRARIES = YES;
				BUNDLE_LOADER = "$(TEST_HOST)";
				CODE_SIGN_STYLE = Automatic;
				CURRENT_PROJECT_VERSION = 1;
				DEVELOPMENT_TEAM = 742C63FPDC;
				GENERATE_INFOPLIST_FILE = YES;
				IPHONEOS_DEPLOYMENT_TARGET = 16.1;
				MARKETING_VERSION = 1.0;
				PRODUCT_BUNDLE_IDENTIFIER = com.FoodDeliveryTests;
				PRODUCT_NAME = "$(TARGET_NAME)";
				SWIFT_EMIT_LOC_STRINGS = NO;
				SWIFT_VERSION = 5.0;
				TARGETED_DEVICE_FAMILY = "1,2";
				TEST_HOST = "$(BUILT_PRODUCTS_DIR)/FoodDelivery.app/$(BUNDLE_EXECUTABLE_FOLDER_PATH)/FoodDelivery";
			};
			name = Release;
		};
		F438411829628DA000EFFFAD /* Debug */ = {
			isa = XCBuildConfiguration;
			buildSettings = {
				ALWAYS_EMBED_SWIFT_STANDARD_LIBRARIES = YES;
				CODE_SIGN_STYLE = Automatic;
				CURRENT_PROJECT_VERSION = 1;
				DEVELOPMENT_TEAM = 742C63FPDC;
				GENERATE_INFOPLIST_FILE = YES;
				MARKETING_VERSION = 1.0;
				PRODUCT_BUNDLE_IDENTIFIER = com.FoodDeliveryUITests;
				PRODUCT_NAME = "$(TARGET_NAME)";
				SWIFT_EMIT_LOC_STRINGS = NO;
				SWIFT_VERSION = 5.0;
				TARGETED_DEVICE_FAMILY = "1,2";
				TEST_TARGET_NAME = FoodDelivery;
			};
			name = Debug;
		};
		F438411929628DA000EFFFAD /* Release */ = {
			isa = XCBuildConfiguration;
			buildSettings = {
				ALWAYS_EMBED_SWIFT_STANDARD_LIBRARIES = YES;
				CODE_SIGN_STYLE = Automatic;
				CURRENT_PROJECT_VERSION = 1;
				DEVELOPMENT_TEAM = 742C63FPDC;
				GENERATE_INFOPLIST_FILE = YES;
				MARKETING_VERSION = 1.0;
				PRODUCT_BUNDLE_IDENTIFIER = com.FoodDeliveryUITests;
				PRODUCT_NAME = "$(TARGET_NAME)";
				SWIFT_EMIT_LOC_STRINGS = NO;
				SWIFT_VERSION = 5.0;
				TARGETED_DEVICE_FAMILY = "1,2";
				TEST_TARGET_NAME = FoodDelivery;
			};
			name = Release;
		};
/* End XCBuildConfiguration section */

/* Begin XCConfigurationList section */
		F43840E229628D9C00EFFFAD /* Build configuration list for PBXProject "FoodDelivery" */ = {
			isa = XCConfigurationList;
			buildConfigurations = (
				F438410F29628DA000EFFFAD /* Debug */,
				F438411029628DA000EFFFAD /* Release */,
			);
			defaultConfigurationIsVisible = 0;
			defaultConfigurationName = Release;
		};
		F438411129628DA000EFFFAD /* Build configuration list for PBXNativeTarget "FoodDelivery" */ = {
			isa = XCConfigurationList;
			buildConfigurations = (
				F438411229628DA000EFFFAD /* Debug */,
				F438411329628DA000EFFFAD /* Release */,
			);
			defaultConfigurationIsVisible = 0;
			defaultConfigurationName = Release;
		};
		F438411429628DA000EFFFAD /* Build configuration list for PBXNativeTarget "FoodDeliveryTests" */ = {
			isa = XCConfigurationList;
			buildConfigurations = (
				F438411529628DA000EFFFAD /* Debug */,
				F438411629628DA000EFFFAD /* Release */,
			);
			defaultConfigurationIsVisible = 0;
			defaultConfigurationName = Release;
		};
		F438411729628DA000EFFFAD /* Build configuration list for PBXNativeTarget "FoodDeliveryUITests" */ = {
			isa = XCConfigurationList;
			buildConfigurations = (
				F438411829628DA000EFFFAD /* Debug */,
				F438411929628DA000EFFFAD /* Release */,
			);
			defaultConfigurationIsVisible = 0;
			defaultConfigurationName = Release;
		};
/* End XCConfigurationList section */
	};
	rootObject = F43840DF29628D9C00EFFFAD /* Project object */;
}
