// !$*UTF8*$!
{
	archiveVersion = 1;
	classes = {
	};
	objectVersion = 55;
	objects = {

/* Begin PBXBuildFile section */
		50DD22E7D9AEFBA7BB7D1DE5 /* Pods_FoodDelivery.framework in Frameworks */ = {isa = PBXBuildFile; fileRef = 71DAF766CA4799B671ED6520 /* Pods_FoodDelivery.framework */; };
		A6BA5C0BE56A0EA848661378 /* Pods_FoodDelivery_FoodDeliveryUITests.framework in Frameworks */ = {isa = PBXBuildFile; fileRef = 62D046D36864960911AECDFE /* Pods_FoodDelivery_FoodDeliveryUITests.framework */; };
		E89B82F94B3CAEF8BE2D22AD /* Pods_FoodDeliveryTests.framework in Frameworks */ = {isa = PBXBuildFile; fileRef = 69FAEC0688CCC2E26D14B2C1 /* Pods_FoodDeliveryTests.framework */; };
		F403AB6429AB03C000B20D36 /* LoginViewModel.swift in Sources */ = {isa = PBXBuildFile; fileRef = F403AB6329AB03C000B20D36 /* LoginViewModel.swift */; };
		F4089D7029A4738800BE815C /* UIColorExtension.swift in Sources */ = {isa = PBXBuildFile; fileRef = F4089D6F29A4738800BE815C /* UIColorExtension.swift */; };
		F4099D4829A3208500B764A3 /* FDObservable.swift in Sources */ = {isa = PBXBuildFile; fileRef = F4099D4729A3208500B764A3 /* FDObservable.swift */; };
		F4099D4A29A3246300B764A3 /* FtuxViewModel.swift in Sources */ = {isa = PBXBuildFile; fileRef = F4099D4929A3246300B764A3 /* FtuxViewModel.swift */; };
		F41646D729AFCB8B002A2E87 /* Profile.storyboard in Resources */ = {isa = PBXBuildFile; fileRef = F41646D629AFCB8B002A2E87 /* Profile.storyboard */; };
		F41646D929AFCB95002A2E87 /* Offers.storyboard in Resources */ = {isa = PBXBuildFile; fileRef = F41646D829AFCB95002A2E87 /* Offers.storyboard */; };
		F41646E029AFCD3F002A2E87 /* More.storyboard in Resources */ = {isa = PBXBuildFile; fileRef = F41646DF29AFCD3F002A2E87 /* More.storyboard */; };
		F41646E429AFD64E002A2E87 /* Menu.storyboard in Resources */ = {isa = PBXBuildFile; fileRef = F41646E329AFD64E002A2E87 /* Menu.storyboard */; };
		F41646E629AFD667002A2E87 /* MenuViewController.swift in Sources */ = {isa = PBXBuildFile; fileRef = F41646E529AFD667002A2E87 /* MenuViewController.swift */; };
		F41646E829AFD6D1002A2E87 /* Home.storyboard in Resources */ = {isa = PBXBuildFile; fileRef = F41646E729AFD6D0002A2E87 /* Home.storyboard */; };
		F41646EA29AFD6FB002A2E87 /* HomeViewController.swift in Sources */ = {isa = PBXBuildFile; fileRef = F41646E929AFD6FA002A2E87 /* HomeViewController.swift */; };
		F41646EC29AFD73E002A2E87 /* MoreViewController.swift in Sources */ = {isa = PBXBuildFile; fileRef = F41646EB29AFD73E002A2E87 /* MoreViewController.swift */; };
		F41646EE29AFD74A002A2E87 /* OffersViewController.swift in Sources */ = {isa = PBXBuildFile; fileRef = F41646ED29AFD74A002A2E87 /* OffersViewController.swift */; };
		F41646F029AFD75F002A2E87 /* ProfileViewController.swift in Sources */ = {isa = PBXBuildFile; fileRef = F41646EF29AFD75F002A2E87 /* ProfileViewController.swift */; };
		F41646F229AFD996002A2E87 /* FDTabBarController.swift in Sources */ = {isa = PBXBuildFile; fileRef = F41646F129AFD996002A2E87 /* FDTabBarController.swift */; };
		F4185C7029A5B81C00FC2EA5 /* RegisterViewController.swift in Sources */ = {isa = PBXBuildFile; fileRef = F4185C6F29A5B81C00FC2EA5 /* RegisterViewController.swift */; };
		F41A6BFC29A9B5A900BC0A6E /* RegisterViewModel.swift in Sources */ = {isa = PBXBuildFile; fileRef = F41A6BFB29A9B5A900BC0A6E /* RegisterViewModel.swift */; };
		F4266F2929AE7499003B6A0C /* ResetPasswordViewModel.swift in Sources */ = {isa = PBXBuildFile; fileRef = F4266F2829AE7499003B6A0C /* ResetPasswordViewModel.swift */; };
		F4266F2C29AE8140003B6A0C /* MainViewController.swift in Sources */ = {isa = PBXBuildFile; fileRef = F4266F2B29AE8140003B6A0C /* MainViewController.swift */; };
		F4266F2E29AE8158003B6A0C /* Main.storyboard in Resources */ = {isa = PBXBuildFile; fileRef = F4266F2D29AE8158003B6A0C /* Main.storyboard */; };
		F42EECA929A49462004B0617 /* LoginViewController.swift in Sources */ = {isa = PBXBuildFile; fileRef = F42EECA829A49462004B0617 /* LoginViewController.swift */; };
		F436E9C229A9423D0050A737 /* GoogleService-Info.plist in Resources */ = {isa = PBXBuildFile; fileRef = F436E9C129A9423D0050A737 /* GoogleService-Info.plist */; };
		F436E9C829A950F10050A737 /* StringExtensions.swift in Sources */ = {isa = PBXBuildFile; fileRef = F436E9C729A950F10050A737 /* StringExtensions.swift */; };
		F43840EB29628D9C00EFFFAD /* AppDelegate.swift in Sources */ = {isa = PBXBuildFile; fileRef = F43840EA29628D9C00EFFFAD /* AppDelegate.swift */; };
		F43840ED29628D9C00EFFFAD /* SceneDelegate.swift in Sources */ = {isa = PBXBuildFile; fileRef = F43840EC29628D9C00EFFFAD /* SceneDelegate.swift */; };
		F43840F429628DA000EFFFAD /* Assets.xcassets in Resources */ = {isa = PBXBuildFile; fileRef = F43840F329628DA000EFFFAD /* Assets.xcassets */; };
		F43840F729628DA000EFFFAD /* LaunchScreen.storyboard in Resources */ = {isa = PBXBuildFile; fileRef = F43840F529628DA000EFFFAD /* LaunchScreen.storyboard */; };
		F438410229628DA000EFFFAD /* FoodDeliveryTests.swift in Sources */ = {isa = PBXBuildFile; fileRef = F438410129628DA000EFFFAD /* FoodDeliveryTests.swift */; };
		F438410C29628DA000EFFFAD /* FoodDeliveryUITests.swift in Sources */ = {isa = PBXBuildFile; fileRef = F438410B29628DA000EFFFAD /* FoodDeliveryUITests.swift */; };
		F438410E29628DA000EFFFAD /* FoodDeliveryUITestsLaunchTests.swift in Sources */ = {isa = PBXBuildFile; fileRef = F438410D29628DA000EFFFAD /* FoodDeliveryUITestsLaunchTests.swift */; };
		F438411D2962916300EFFFAD /* Ftux.storyboard in Resources */ = {isa = PBXBuildFile; fileRef = F438411C2962916300EFFFAD /* Ftux.storyboard */; };
		F43ECE5329C9E3D700794ACA /* CategoriesViewCell.swift in Sources */ = {isa = PBXBuildFile; fileRef = F43ECE5229C9E3D700794ACA /* CategoriesViewCell.swift */; };
		F43ECE5529C9E4D500794ACA /* CategoriesCollectionViewCell.swift in Sources */ = {isa = PBXBuildFile; fileRef = F43ECE5429C9E4D500794ACA /* CategoriesCollectionViewCell.swift */; };
		F442504029A45D280040C8D1 /* Login.storyboard in Resources */ = {isa = PBXBuildFile; fileRef = F442503F29A45D280040C8D1 /* Login.storyboard */; };
		F442504229A45D710040C8D1 /* LoginLandingViewController.swift in Sources */ = {isa = PBXBuildFile; fileRef = F442504129A45D710040C8D1 /* LoginLandingViewController.swift */; };
		F4AB5E5C29A64E820030142C /* FDUI.framework in Frameworks */ = {isa = PBXBuildFile; fileRef = F4AB5E5B29A64E820030142C /* FDUI.framework */; };
		F4AB5E5D29A64E820030142C /* FDUI.framework in Embed Frameworks */ = {isa = PBXBuildFile; fileRef = F4AB5E5B29A64E820030142C /* FDUI.framework */; settings = {ATTRIBUTES = (CodeSignOnCopy, RemoveHeadersOnCopy, ); }; };
		F4CD8F8829ADC80A0085D5D1 /* ResetPasswordViewController.swift in Sources */ = {isa = PBXBuildFile; fileRef = F4CD8F8729ADC80A0085D5D1 /* ResetPasswordViewController.swift */; };
		F4EFF2D729A1B8AD00A72878 /* Ftux.swift in Sources */ = {isa = PBXBuildFile; fileRef = F4EFF2D629A1B8AD00A72878 /* Ftux.swift */; };
		F4EFF2DA29A1B9A400A72878 /* FtuxProvider.swift in Sources */ = {isa = PBXBuildFile; fileRef = F4EFF2D929A1B9A400A72878 /* FtuxProvider.swift */; };
		F4F4D41629A1D25D00633A91 /* FtuxViewController.swift in Sources */ = {isa = PBXBuildFile; fileRef = F438411E2962929A00EFFFAD /* FtuxViewController.swift */; };
		F4F4D41729A1D26100633A91 /* CollectionViewCell.swift in Sources */ = {isa = PBXBuildFile; fileRef = F4A2626E29A1CD20003FD910 /* CollectionViewCell.swift */; };
/* End PBXBuildFile section */

/* Begin PBXContainerItemProxy section */
		F43840FE29628DA000EFFFAD /* PBXContainerItemProxy */ = {
			isa = PBXContainerItemProxy;
			containerPortal = F43840DF29628D9C00EFFFAD /* Project object */;
			proxyType = 1;
			remoteGlobalIDString = F43840E629628D9C00EFFFAD;
			remoteInfo = FoodDelivery;
		};
		F438410829628DA000EFFFAD /* PBXContainerItemProxy */ = {
			isa = PBXContainerItemProxy;
			containerPortal = F43840DF29628D9C00EFFFAD /* Project object */;
			proxyType = 1;
			remoteGlobalIDString = F43840E629628D9C00EFFFAD;
			remoteInfo = FoodDelivery;
		};
/* End PBXContainerItemProxy section */

/* Begin PBXCopyFilesBuildPhase section */
		F4AB5E5E29A64E820030142C /* Embed Frameworks */ = {
			isa = PBXCopyFilesBuildPhase;
			buildActionMask = 2147483647;
			dstPath = "";
			dstSubfolderSpec = 10;
			files = (
				F4AB5E5D29A64E820030142C /* FDUI.framework in Embed Frameworks */,
			);
			name = "Embed Frameworks";
			runOnlyForDeploymentPostprocessing = 0;
		};
/* End PBXCopyFilesBuildPhase section */

/* Begin PBXFileReference section */
		41C2BBCF4E7CC91099D632F1 /* Pods-FoodDelivery.debug.xcconfig */ = {isa = PBXFileReference; includeInIndex = 1; lastKnownFileType = text.xcconfig; name = "Pods-FoodDelivery.debug.xcconfig"; path = "Target Support Files/Pods-FoodDelivery/Pods-FoodDelivery.debug.xcconfig"; sourceTree = "<group>"; };
		62D046D36864960911AECDFE /* Pods_FoodDelivery_FoodDeliveryUITests.framework */ = {isa = PBXFileReference; explicitFileType = wrapper.framework; includeInIndex = 0; path = Pods_FoodDelivery_FoodDeliveryUITests.framework; sourceTree = BUILT_PRODUCTS_DIR; };
		69FAEC0688CCC2E26D14B2C1 /* Pods_FoodDeliveryTests.framework */ = {isa = PBXFileReference; explicitFileType = wrapper.framework; includeInIndex = 0; path = Pods_FoodDeliveryTests.framework; sourceTree = BUILT_PRODUCTS_DIR; };
		71DAF766CA4799B671ED6520 /* Pods_FoodDelivery.framework */ = {isa = PBXFileReference; explicitFileType = wrapper.framework; includeInIndex = 0; path = Pods_FoodDelivery.framework; sourceTree = BUILT_PRODUCTS_DIR; };
		8A5F244609C899CFAA0BCD6D /* Pods-FoodDeliveryTests.release.xcconfig */ = {isa = PBXFileReference; includeInIndex = 1; lastKnownFileType = text.xcconfig; name = "Pods-FoodDeliveryTests.release.xcconfig"; path = "Target Support Files/Pods-FoodDeliveryTests/Pods-FoodDeliveryTests.release.xcconfig"; sourceTree = "<group>"; };
		8B9DC7CAC7FDE0D88ACF3117 /* Pods-FoodDeliveryTests.debug.xcconfig */ = {isa = PBXFileReference; includeInIndex = 1; lastKnownFileType = text.xcconfig; name = "Pods-FoodDeliveryTests.debug.xcconfig"; path = "Target Support Files/Pods-FoodDeliveryTests/Pods-FoodDeliveryTests.debug.xcconfig"; sourceTree = "<group>"; };
		8C232B4D6B19F7BE7A2DB8DC /* Pods-FoodDelivery-FoodDeliveryUITests.debug.xcconfig */ = {isa = PBXFileReference; includeInIndex = 1; lastKnownFileType = text.xcconfig; name = "Pods-FoodDelivery-FoodDeliveryUITests.debug.xcconfig"; path = "Target Support Files/Pods-FoodDelivery-FoodDeliveryUITests/Pods-FoodDelivery-FoodDeliveryUITests.debug.xcconfig"; sourceTree = "<group>"; };
		BB694EFA93DA1514DC46370B /* Pods-FoodDelivery-FoodDeliveryUITests.release.xcconfig */ = {isa = PBXFileReference; includeInIndex = 1; lastKnownFileType = text.xcconfig; name = "Pods-FoodDelivery-FoodDeliveryUITests.release.xcconfig"; path = "Target Support Files/Pods-FoodDelivery-FoodDeliveryUITests/Pods-FoodDelivery-FoodDeliveryUITests.release.xcconfig"; sourceTree = "<group>"; };
		F37D4D331FF9E51171085E41 /* Pods-FoodDelivery.release.xcconfig */ = {isa = PBXFileReference; includeInIndex = 1; lastKnownFileType = text.xcconfig; name = "Pods-FoodDelivery.release.xcconfig"; path = "Target Support Files/Pods-FoodDelivery/Pods-FoodDelivery.release.xcconfig"; sourceTree = "<group>"; };
		F403AB6329AB03C000B20D36 /* LoginViewModel.swift */ = {isa = PBXFileReference; lastKnownFileType = sourcecode.swift; path = LoginViewModel.swift; sourceTree = "<group>"; };
		F403AB6C29AB257700B20D36 /* FoodDelivery.entitlements */ = {isa = PBXFileReference; lastKnownFileType = text.plist.entitlements; path = FoodDelivery.entitlements; sourceTree = "<group>"; };
		F4089D6F29A4738800BE815C /* UIColorExtension.swift */ = {isa = PBXFileReference; lastKnownFileType = sourcecode.swift; path = UIColorExtension.swift; sourceTree = "<group>"; };
		F4099D4729A3208500B764A3 /* FDObservable.swift */ = {isa = PBXFileReference; lastKnownFileType = sourcecode.swift; path = FDObservable.swift; sourceTree = "<group>"; };
		F4099D4929A3246300B764A3 /* FtuxViewModel.swift */ = {isa = PBXFileReference; lastKnownFileType = sourcecode.swift; path = FtuxViewModel.swift; sourceTree = "<group>"; };
		F41646D629AFCB8B002A2E87 /* Profile.storyboard */ = {isa = PBXFileReference; lastKnownFileType = file.storyboard; path = Profile.storyboard; sourceTree = "<group>"; };
		F41646D829AFCB95002A2E87 /* Offers.storyboard */ = {isa = PBXFileReference; lastKnownFileType = file.storyboard; path = Offers.storyboard; sourceTree = "<group>"; };
		F41646DF29AFCD3F002A2E87 /* More.storyboard */ = {isa = PBXFileReference; lastKnownFileType = file.storyboard; path = More.storyboard; sourceTree = "<group>"; };
		F41646E329AFD64E002A2E87 /* Menu.storyboard */ = {isa = PBXFileReference; lastKnownFileType = file.storyboard; path = Menu.storyboard; sourceTree = "<group>"; };
		F41646E529AFD667002A2E87 /* MenuViewController.swift */ = {isa = PBXFileReference; lastKnownFileType = sourcecode.swift; path = MenuViewController.swift; sourceTree = "<group>"; };
		F41646E729AFD6D0002A2E87 /* Home.storyboard */ = {isa = PBXFileReference; fileEncoding = 4; lastKnownFileType = file.storyboard; path = Home.storyboard; sourceTree = "<group>"; };
		F41646E929AFD6FA002A2E87 /* HomeViewController.swift */ = {isa = PBXFileReference; fileEncoding = 4; lastKnownFileType = sourcecode.swift; path = HomeViewController.swift; sourceTree = "<group>"; };
		F41646EB29AFD73E002A2E87 /* MoreViewController.swift */ = {isa = PBXFileReference; lastKnownFileType = sourcecode.swift; path = MoreViewController.swift; sourceTree = "<group>"; };
		F41646ED29AFD74A002A2E87 /* OffersViewController.swift */ = {isa = PBXFileReference; lastKnownFileType = sourcecode.swift; path = OffersViewController.swift; sourceTree = "<group>"; };
		F41646EF29AFD75F002A2E87 /* ProfileViewController.swift */ = {isa = PBXFileReference; lastKnownFileType = sourcecode.swift; path = ProfileViewController.swift; sourceTree = "<group>"; };
		F41646F129AFD996002A2E87 /* FDTabBarController.swift */ = {isa = PBXFileReference; lastKnownFileType = sourcecode.swift; path = FDTabBarController.swift; sourceTree = "<group>"; };
		F4185C6F29A5B81C00FC2EA5 /* RegisterViewController.swift */ = {isa = PBXFileReference; lastKnownFileType = sourcecode.swift; path = RegisterViewController.swift; sourceTree = "<group>"; };
		F41A6BFB29A9B5A900BC0A6E /* RegisterViewModel.swift */ = {isa = PBXFileReference; lastKnownFileType = sourcecode.swift; path = RegisterViewModel.swift; sourceTree = "<group>"; };
		F4266F2829AE7499003B6A0C /* ResetPasswordViewModel.swift */ = {isa = PBXFileReference; lastKnownFileType = sourcecode.swift; path = ResetPasswordViewModel.swift; sourceTree = "<group>"; };
		F4266F2B29AE8140003B6A0C /* MainViewController.swift */ = {isa = PBXFileReference; lastKnownFileType = sourcecode.swift; path = MainViewController.swift; sourceTree = "<group>"; };
		F4266F2D29AE8158003B6A0C /* Main.storyboard */ = {isa = PBXFileReference; lastKnownFileType = file.storyboard; path = Main.storyboard; sourceTree = "<group>"; };
		F42EECA829A49462004B0617 /* LoginViewController.swift */ = {isa = PBXFileReference; lastKnownFileType = sourcecode.swift; path = LoginViewController.swift; sourceTree = "<group>"; };
		F436E9C129A9423D0050A737 /* GoogleService-Info.plist */ = {isa = PBXFileReference; fileEncoding = 4; lastKnownFileType = text.plist.xml; path = "GoogleService-Info.plist"; sourceTree = "<group>"; };
		F436E9C729A950F10050A737 /* StringExtensions.swift */ = {isa = PBXFileReference; lastKnownFileType = sourcecode.swift; path = StringExtensions.swift; sourceTree = "<group>"; };
		F43840E729628D9C00EFFFAD /* FoodDelivery.app */ = {isa = PBXFileReference; explicitFileType = wrapper.application; includeInIndex = 0; path = FoodDelivery.app; sourceTree = BUILT_PRODUCTS_DIR; };
		F43840EA29628D9C00EFFFAD /* AppDelegate.swift */ = {isa = PBXFileReference; lastKnownFileType = sourcecode.swift; path = AppDelegate.swift; sourceTree = "<group>"; };
		F43840EC29628D9C00EFFFAD /* SceneDelegate.swift */ = {isa = PBXFileReference; lastKnownFileType = sourcecode.swift; path = SceneDelegate.swift; sourceTree = "<group>"; };
		F43840F329628DA000EFFFAD /* Assets.xcassets */ = {isa = PBXFileReference; lastKnownFileType = folder.assetcatalog; path = Assets.xcassets; sourceTree = "<group>"; };
		F43840F629628DA000EFFFAD /* Base */ = {isa = PBXFileReference; lastKnownFileType = file.storyboard; name = Base; path = Base.lproj/LaunchScreen.storyboard; sourceTree = "<group>"; };
		F43840F829628DA000EFFFAD /* Info.plist */ = {isa = PBXFileReference; lastKnownFileType = text.plist.xml; path = Info.plist; sourceTree = "<group>"; };
		F43840FD29628DA000EFFFAD /* FoodDeliveryTests.xctest */ = {isa = PBXFileReference; explicitFileType = wrapper.cfbundle; includeInIndex = 0; path = FoodDeliveryTests.xctest; sourceTree = BUILT_PRODUCTS_DIR; };
		F438410129628DA000EFFFAD /* FoodDeliveryTests.swift */ = {isa = PBXFileReference; lastKnownFileType = sourcecode.swift; path = FoodDeliveryTests.swift; sourceTree = "<group>"; };
		F438410729628DA000EFFFAD /* FoodDeliveryUITests.xctest */ = {isa = PBXFileReference; explicitFileType = wrapper.cfbundle; includeInIndex = 0; path = FoodDeliveryUITests.xctest; sourceTree = BUILT_PRODUCTS_DIR; };
		F438410B29628DA000EFFFAD /* FoodDeliveryUITests.swift */ = {isa = PBXFileReference; lastKnownFileType = sourcecode.swift; path = FoodDeliveryUITests.swift; sourceTree = "<group>"; };
		F438410D29628DA000EFFFAD /* FoodDeliveryUITestsLaunchTests.swift */ = {isa = PBXFileReference; lastKnownFileType = sourcecode.swift; path = FoodDeliveryUITestsLaunchTests.swift; sourceTree = "<group>"; };
		F438411C2962916300EFFFAD /* Ftux.storyboard */ = {isa = PBXFileReference; lastKnownFileType = file.storyboard; path = Ftux.storyboard; sourceTree = "<group>"; };
		F438411E2962929A00EFFFAD /* FtuxViewController.swift */ = {isa = PBXFileReference; lastKnownFileType = sourcecode.swift; path = FtuxViewController.swift; sourceTree = "<group>"; };
		F43ECE5229C9E3D700794ACA /* CategoriesViewCell.swift */ = {isa = PBXFileReference; lastKnownFileType = sourcecode.swift; path = CategoriesViewCell.swift; sourceTree = "<group>"; };
		F43ECE5429C9E4D500794ACA /* CategoriesCollectionViewCell.swift */ = {isa = PBXFileReference; lastKnownFileType = sourcecode.swift; path = CategoriesCollectionViewCell.swift; sourceTree = "<group>"; };
		F442503F29A45D280040C8D1 /* Login.storyboard */ = {isa = PBXFileReference; lastKnownFileType = file.storyboard; path = Login.storyboard; sourceTree = "<group>"; };
		F442504129A45D710040C8D1 /* LoginLandingViewController.swift */ = {isa = PBXFileReference; lastKnownFileType = sourcecode.swift; path = LoginLandingViewController.swift; sourceTree = "<group>"; };
		F4A2626E29A1CD20003FD910 /* CollectionViewCell.swift */ = {isa = PBXFileReference; lastKnownFileType = sourcecode.swift; path = CollectionViewCell.swift; sourceTree = "<group>"; };
		F4AB5E5B29A64E820030142C /* FDUI.framework */ = {isa = PBXFileReference; explicitFileType = wrapper.framework; path = FDUI.framework; sourceTree = BUILT_PRODUCTS_DIR; };
		F4CD8F8729ADC80A0085D5D1 /* ResetPasswordViewController.swift */ = {isa = PBXFileReference; lastKnownFileType = sourcecode.swift; path = ResetPasswordViewController.swift; sourceTree = "<group>"; };
		F4EFF2D629A1B8AD00A72878 /* Ftux.swift */ = {isa = PBXFileReference; lastKnownFileType = sourcecode.swift; path = Ftux.swift; sourceTree = "<group>"; };
		F4EFF2D929A1B9A400A72878 /* FtuxProvider.swift */ = {isa = PBXFileReference; lastKnownFileType = sourcecode.swift; path = FtuxProvider.swift; sourceTree = "<group>"; };
/* End PBXFileReference section */

/* Begin PBXFrameworksBuildPhase section */
		F43840E429628D9C00EFFFAD /* Frameworks */ = {
			isa = PBXFrameworksBuildPhase;
			buildActionMask = 2147483647;
			files = (
				F4AB5E5C29A64E820030142C /* FDUI.framework in Frameworks */,
				50DD22E7D9AEFBA7BB7D1DE5 /* Pods_FoodDelivery.framework in Frameworks */,
			);
			runOnlyForDeploymentPostprocessing = 0;
		};
		F43840FA29628DA000EFFFAD /* Frameworks */ = {
			isa = PBXFrameworksBuildPhase;
			buildActionMask = 2147483647;
			files = (
				E89B82F94B3CAEF8BE2D22AD /* Pods_FoodDeliveryTests.framework in Frameworks */,
			);
			runOnlyForDeploymentPostprocessing = 0;
		};
		F438410429628DA000EFFFAD /* Frameworks */ = {
			isa = PBXFrameworksBuildPhase;
			buildActionMask = 2147483647;
			files = (
				A6BA5C0BE56A0EA848661378 /* Pods_FoodDelivery_FoodDeliveryUITests.framework in Frameworks */,
			);
			runOnlyForDeploymentPostprocessing = 0;
		};
/* End PBXFrameworksBuildPhase section */

/* Begin PBXGroup section */
		998F73EF0573810B967F5C8F /* Pods */ = {
			isa = PBXGroup;
			children = (
				41C2BBCF4E7CC91099D632F1 /* Pods-FoodDelivery.debug.xcconfig */,
				F37D4D331FF9E51171085E41 /* Pods-FoodDelivery.release.xcconfig */,
				8C232B4D6B19F7BE7A2DB8DC /* Pods-FoodDelivery-FoodDeliveryUITests.debug.xcconfig */,
				BB694EFA93DA1514DC46370B /* Pods-FoodDelivery-FoodDeliveryUITests.release.xcconfig */,
				8B9DC7CAC7FDE0D88ACF3117 /* Pods-FoodDeliveryTests.debug.xcconfig */,
				8A5F244609C899CFAA0BCD6D /* Pods-FoodDeliveryTests.release.xcconfig */,
			);
			path = Pods;
			sourceTree = "<group>";
		};
		F403AB6529AB172E00B20D36 /* Home */ = {
			isa = PBXGroup;
			children = (
				F41646E729AFD6D0002A2E87 /* Home.storyboard */,
				F41646E929AFD6FA002A2E87 /* HomeViewController.swift */,
				F43ECE5229C9E3D700794ACA /* CategoriesViewCell.swift */,
				F43ECE5429C9E4D500794ACA /* CategoriesCollectionViewCell.swift */,
			);
			path = Home;
			sourceTree = "<group>";
		};
		F4089D6E29A4737600BE815C /* Extension */ = {
			isa = PBXGroup;
			children = (
				F4089D6F29A4738800BE815C /* UIColorExtension.swift */,
				F436E9C729A950F10050A737 /* StringExtensions.swift */,
			);
			path = Extension;
			sourceTree = "<group>";
		};
		F41646CE29AFCB21002A2E87 /* Menu */ = {
			isa = PBXGroup;
			children = (
				F41646E329AFD64E002A2E87 /* Menu.storyboard */,
				F41646E529AFD667002A2E87 /* MenuViewController.swift */,
			);
			path = Menu;
			sourceTree = "<group>";
		};
		F41646CF29AFCB29002A2E87 /* Profile */ = {
			isa = PBXGroup;
			children = (
				F41646D629AFCB8B002A2E87 /* Profile.storyboard */,
				F41646EF29AFD75F002A2E87 /* ProfileViewController.swift */,
			);
			path = Profile;
			sourceTree = "<group>";
		};
		F41646D029AFCB31002A2E87 /* Offers */ = {
			isa = PBXGroup;
			children = (
				F41646D829AFCB95002A2E87 /* Offers.storyboard */,
				F41646ED29AFD74A002A2E87 /* OffersViewController.swift */,
			);
			path = Offers;
			sourceTree = "<group>";
		};
		F41646DE29AFCD34002A2E87 /* More */ = {
			isa = PBXGroup;
			children = (
				F41646DF29AFCD3F002A2E87 /* More.storyboard */,
				F41646EB29AFD73E002A2E87 /* MoreViewController.swift */,
			);
			path = More;
			sourceTree = "<group>";
		};
		F4266F2A29AE80E4003B6A0C /* Main */ = {
			isa = PBXGroup;
			children = (
				F4266F2D29AE8158003B6A0C /* Main.storyboard */,
				F4266F2B29AE8140003B6A0C /* MainViewController.swift */,
				F41646F129AFD996002A2E87 /* FDTabBarController.swift */,
			);
			path = Main;
			sourceTree = "<group>";
		};
		F43840DE29628D9C00EFFFAD = {
			isa = PBXGroup;
			children = (
				F43840E929628D9C00EFFFAD /* FoodDelivery */,
				F438410029628DA000EFFFAD /* FoodDeliveryTests */,
				F438410A29628DA000EFFFAD /* FoodDeliveryUITests */,
				F43840E829628D9C00EFFFAD /* Products */,
				998F73EF0573810B967F5C8F /* Pods */,
				FD7502D9F68BDDAE2134DC1A /* Frameworks */,
			);
			sourceTree = "<group>";
		};
		F43840E829628D9C00EFFFAD /* Products */ = {
			isa = PBXGroup;
			children = (
				F43840E729628D9C00EFFFAD /* FoodDelivery.app */,
				F43840FD29628DA000EFFFAD /* FoodDeliveryTests.xctest */,
				F438410729628DA000EFFFAD /* FoodDeliveryUITests.xctest */,
			);
			name = Products;
			sourceTree = "<group>";
		};
		F43840E929628D9C00EFFFAD /* FoodDelivery */ = {
			isa = PBXGroup;
			children = (
				F403AB6C29AB257700B20D36 /* FoodDelivery.entitlements */,
				F4089D6E29A4737600BE815C /* Extension */,
				F4EFF2D829A1B99400A72878 /* Providers */,
				F4EFF2D529A1B89900A72878 /* Models */,
				F438411A2962914000EFFFAD /* Modules */,
				F43840EA29628D9C00EFFFAD /* AppDelegate.swift */,
				F43840EC29628D9C00EFFFAD /* SceneDelegate.swift */,
				F43840F329628DA000EFFFAD /* Assets.xcassets */,
				F43840F529628DA000EFFFAD /* LaunchScreen.storyboard */,
				F43840F829628DA000EFFFAD /* Info.plist */,
				F436E9C129A9423D0050A737 /* GoogleService-Info.plist */,
			);
			path = FoodDelivery;
			sourceTree = "<group>";
		};
		F438410029628DA000EFFFAD /* FoodDeliveryTests */ = {
			isa = PBXGroup;
			children = (
				F438410129628DA000EFFFAD /* FoodDeliveryTests.swift */,
			);
			path = FoodDeliveryTests;
			sourceTree = "<group>";
		};
		F438410A29628DA000EFFFAD /* FoodDeliveryUITests */ = {
			isa = PBXGroup;
			children = (
				F438410B29628DA000EFFFAD /* FoodDeliveryUITests.swift */,
				F438410D29628DA000EFFFAD /* FoodDeliveryUITestsLaunchTests.swift */,
			);
			path = FoodDeliveryUITests;
			sourceTree = "<group>";
		};
		F438411A2962914000EFFFAD /* Modules */ = {
			isa = PBXGroup;
			children = (
				F41646DE29AFCD34002A2E87 /* More */,
				F41646D029AFCB31002A2E87 /* Offers */,
				F41646CF29AFCB29002A2E87 /* Profile */,
				F403AB6529AB172E00B20D36 /* Home */,
				F41646CE29AFCB21002A2E87 /* Menu */,
				F4266F2A29AE80E4003B6A0C /* Main */,
				F442503E29A45D090040C8D1 /* Login */,
				F438411B2962914600EFFFAD /* Ftux */,
			);
			path = Modules;
			sourceTree = "<group>";
		};
		F438411B2962914600EFFFAD /* Ftux */ = {
			isa = PBXGroup;
			children = (
				F438411C2962916300EFFFAD /* Ftux.storyboard */,
				F438411E2962929A00EFFFAD /* FtuxViewController.swift */,
				F4A2626E29A1CD20003FD910 /* CollectionViewCell.swift */,
				F4099D4929A3246300B764A3 /* FtuxViewModel.swift */,
			);
			path = Ftux;
			sourceTree = "<group>";
		};
		F442503E29A45D090040C8D1 /* Login */ = {
			isa = PBXGroup;
			children = (
				F442503F29A45D280040C8D1 /* Login.storyboard */,
				F442504129A45D710040C8D1 /* LoginLandingViewController.swift */,
				F42EECA829A49462004B0617 /* LoginViewController.swift */,
				F403AB6329AB03C000B20D36 /* LoginViewModel.swift */,
				F4185C6F29A5B81C00FC2EA5 /* RegisterViewController.swift */,
				F41A6BFB29A9B5A900BC0A6E /* RegisterViewModel.swift */,
				F4CD8F8729ADC80A0085D5D1 /* ResetPasswordViewController.swift */,
				F4266F2829AE7499003B6A0C /* ResetPasswordViewModel.swift */,
			);
			path = Login;
			sourceTree = "<group>";
		};
		F4EFF2D529A1B89900A72878 /* Models */ = {
			isa = PBXGroup;
			children = (
				F4EFF2D629A1B8AD00A72878 /* Ftux.swift */,
				F4099D4729A3208500B764A3 /* FDObservable.swift */,
			);
			path = Models;
			sourceTree = "<group>";
		};
		F4EFF2D829A1B99400A72878 /* Providers */ = {
			isa = PBXGroup;
			children = (
				F4EFF2D929A1B9A400A72878 /* FtuxProvider.swift */,
			);
			path = Providers;
			sourceTree = "<group>";
		};
		FD7502D9F68BDDAE2134DC1A /* Frameworks */ = {
			isa = PBXGroup;
			children = (
				F4AB5E5B29A64E820030142C /* FDUI.framework */,
				71DAF766CA4799B671ED6520 /* Pods_FoodDelivery.framework */,
				62D046D36864960911AECDFE /* Pods_FoodDelivery_FoodDeliveryUITests.framework */,
				69FAEC0688CCC2E26D14B2C1 /* Pods_FoodDeliveryTests.framework */,
			);
			name = Frameworks;
			sourceTree = "<group>";
		};
/* End PBXGroup section */

/* Begin PBXNativeTarget section */
		F43840E629628D9C00EFFFAD /* FoodDelivery */ = {
			isa = PBXNativeTarget;
			buildConfigurationList = F438411129628DA000EFFFAD /* Build configuration list for PBXNativeTarget "FoodDelivery" */;
			buildPhases = (
				600DF0D02F6BD19C65C3EEBD /* [CP] Check Pods Manifest.lock */,
				F43840E329628D9C00EFFFAD /* Sources */,
				F43840E429628D9C00EFFFAD /* Frameworks */,
				F43840E529628D9C00EFFFAD /* Resources */,
				F4AB5E5E29A64E820030142C /* Embed Frameworks */,
				48F26B75F1687BEB3F409C35 /* [CP] Embed Pods Frameworks */,
			);
			buildRules = (
			);
			dependencies = (
			);
			name = FoodDelivery;
			productName = FoodDelivery;
			productReference = F43840E729628D9C00EFFFAD /* FoodDelivery.app */;
			productType = "com.apple.product-type.application";
		};
		F43840FC29628DA000EFFFAD /* FoodDeliveryTests */ = {
			isa = PBXNativeTarget;
			buildConfigurationList = F438411429628DA000EFFFAD /* Build configuration list for PBXNativeTarget "FoodDeliveryTests" */;
			buildPhases = (
				BCA22660FA78F3C44F9DAE43 /* [CP] Check Pods Manifest.lock */,
				F43840F929628DA000EFFFAD /* Sources */,
				F43840FA29628DA000EFFFAD /* Frameworks */,
				F43840FB29628DA000EFFFAD /* Resources */,
			);
			buildRules = (
			);
			dependencies = (
				F43840FF29628DA000EFFFAD /* PBXTargetDependency */,
			);
			name = FoodDeliveryTests;
			productName = FoodDeliveryTests;
			productReference = F43840FD29628DA000EFFFAD /* FoodDeliveryTests.xctest */;
			productType = "com.apple.product-type.bundle.unit-test";
		};
		F438410629628DA000EFFFAD /* FoodDeliveryUITests */ = {
			isa = PBXNativeTarget;
			buildConfigurationList = F438411729628DA000EFFFAD /* Build configuration list for PBXNativeTarget "FoodDeliveryUITests" */;
			buildPhases = (
				CDDDB64B93D4D7C3CC5D5BB8 /* [CP] Check Pods Manifest.lock */,
				F438410329628DA000EFFFAD /* Sources */,
				F438410429628DA000EFFFAD /* Frameworks */,
				F438410529628DA000EFFFAD /* Resources */,
				3BD21502728ED47BBAD0C7B6 /* [CP] Embed Pods Frameworks */,
			);
			buildRules = (
			);
			dependencies = (
				F438410929628DA000EFFFAD /* PBXTargetDependency */,
			);
			name = FoodDeliveryUITests;
			productName = FoodDeliveryUITests;
			productReference = F438410729628DA000EFFFAD /* FoodDeliveryUITests.xctest */;
			productType = "com.apple.product-type.bundle.ui-testing";
		};
/* End PBXNativeTarget section */

/* Begin PBXProject section */
		F43840DF29628D9C00EFFFAD /* Project object */ = {
			isa = PBXProject;
			attributes = {
				BuildIndependentTargetsInParallel = 1;
				LastSwiftUpdateCheck = 1410;
				LastUpgradeCheck = 1410;
				TargetAttributes = {
					F43840E629628D9C00EFFFAD = {
						CreatedOnToolsVersion = 14.1;
						LastSwiftMigration = 1410;
					};
					F43840FC29628DA000EFFFAD = {
						CreatedOnToolsVersion = 14.1;
						TestTargetID = F43840E629628D9C00EFFFAD;
					};
					F438410629628DA000EFFFAD = {
						CreatedOnToolsVersion = 14.1;
						TestTargetID = F43840E629628D9C00EFFFAD;
					};
				};
			};
			buildConfigurationList = F43840E229628D9C00EFFFAD /* Build configuration list for PBXProject "FoodDelivery" */;
			compatibilityVersion = "Xcode 13.0";
			developmentRegion = en;
			hasScannedForEncodings = 0;
			knownRegions = (
				en,
				Base,
			);
			mainGroup = F43840DE29628D9C00EFFFAD;
			productRefGroup = F43840E829628D9C00EFFFAD /* Products */;
			projectDirPath = "";
			projectRoot = "";
			targets = (
				F43840E629628D9C00EFFFAD /* FoodDelivery */,
				F43840FC29628DA000EFFFAD /* FoodDeliveryTests */,
				F438410629628DA000EFFFAD /* FoodDeliveryUITests */,
			);
		};
/* End PBXProject section */

/* Begin PBXResourcesBuildPhase section */
		F43840E529628D9C00EFFFAD /* Resources */ = {
			isa = PBXResourcesBuildPhase;
			buildActionMask = 2147483647;
			files = (
				F4266F2E29AE8158003B6A0C /* Main.storyboard in Resources */,
				F41646E829AFD6D1002A2E87 /* Home.storyboard in Resources */,
				F442504029A45D280040C8D1 /* Login.storyboard in Resources */,
				F43840F729628DA000EFFFAD /* LaunchScreen.storyboard in Resources */,
				F436E9C229A9423D0050A737 /* GoogleService-Info.plist in Resources */,
				F41646D729AFCB8B002A2E87 /* Profile.storyboard in Resources */,
				F41646E429AFD64E002A2E87 /* Menu.storyboard in Resources */,
				F41646D929AFCB95002A2E87 /* Offers.storyboard in Resources */,
				F438411D2962916300EFFFAD /* Ftux.storyboard in Resources */,
				F43840F429628DA000EFFFAD /* Assets.xcassets in Resources */,
				F41646E029AFCD3F002A2E87 /* More.storyboard in Resources */,
			);
			runOnlyForDeploymentPostprocessing = 0;
		};
		F43840FB29628DA000EFFFAD /* Resources */ = {
			isa = PBXResourcesBuildPhase;
			buildActionMask = 2147483647;
			files = (
			);
			runOnlyForDeploymentPostprocessing = 0;
		};
		F438410529628DA000EFFFAD /* Resources */ = {
			isa = PBXResourcesBuildPhase;
			buildActionMask = 2147483647;
			files = (
			);
			runOnlyForDeploymentPostprocessing = 0;
		};
/* End PBXResourcesBuildPhase section */

/* Begin PBXShellScriptBuildPhase section */
		3BD21502728ED47BBAD0C7B6 /* [CP] Embed Pods Frameworks */ = {
			isa = PBXShellScriptBuildPhase;
			buildActionMask = 2147483647;
			files = (
			);
			inputFileListPaths = (
				"${PODS_ROOT}/Target Support Files/Pods-FoodDelivery-FoodDeliveryUITests/Pods-FoodDelivery-FoodDeliveryUITests-frameworks-${CONFIGURATION}-input-files.xcfilelist",
			);
			name = "[CP] Embed Pods Frameworks";
			outputFileListPaths = (
				"${PODS_ROOT}/Target Support Files/Pods-FoodDelivery-FoodDeliveryUITests/Pods-FoodDelivery-FoodDeliveryUITests-frameworks-${CONFIGURATION}-output-files.xcfilelist",
			);
			runOnlyForDeploymentPostprocessing = 0;
			shellPath = /bin/sh;
			shellScript = "\"${PODS_ROOT}/Target Support Files/Pods-FoodDelivery-FoodDeliveryUITests/Pods-FoodDelivery-FoodDeliveryUITests-frameworks.sh\"\n";
			showEnvVarsInLog = 0;
		};
		48F26B75F1687BEB3F409C35 /* [CP] Embed Pods Frameworks */ = {
			isa = PBXShellScriptBuildPhase;
			buildActionMask = 2147483647;
			files = (
			);
			inputFileListPaths = (
				"${PODS_ROOT}/Target Support Files/Pods-FoodDelivery/Pods-FoodDelivery-frameworks-${CONFIGURATION}-input-files.xcfilelist",
			);
			name = "[CP] Embed Pods Frameworks";
			outputFileListPaths = (
				"${PODS_ROOT}/Target Support Files/Pods-FoodDelivery/Pods-FoodDelivery-frameworks-${CONFIGURATION}-output-files.xcfilelist",
			);
			runOnlyForDeploymentPostprocessing = 0;
			shellPath = /bin/sh;
			shellScript = "\"${PODS_ROOT}/Target Support Files/Pods-FoodDelivery/Pods-FoodDelivery-frameworks.sh\"\n";
			showEnvVarsInLog = 0;
		};
		600DF0D02F6BD19C65C3EEBD /* [CP] Check Pods Manifest.lock */ = {
			isa = PBXShellScriptBuildPhase;
			buildActionMask = 2147483647;
			files = (
			);
			inputFileListPaths = (
			);
			inputPaths = (
				"${PODS_PODFILE_DIR_PATH}/Podfile.lock",
				"${PODS_ROOT}/Manifest.lock",
			);
			name = "[CP] Check Pods Manifest.lock";
			outputFileListPaths = (
			);
			outputPaths = (
				"$(DERIVED_FILE_DIR)/Pods-FoodDelivery-checkManifestLockResult.txt",
			);
			runOnlyForDeploymentPostprocessing = 0;
			shellPath = /bin/sh;
			shellScript = "diff \"${PODS_PODFILE_DIR_PATH}/Podfile.lock\" \"${PODS_ROOT}/Manifest.lock\" > /dev/null\nif [ $? != 0 ] ; then\n    # print error to STDERR\n    echo \"error: The sandbox is not in sync with the Podfile.lock. Run 'pod install' or update your CocoaPods installation.\" >&2\n    exit 1\nfi\n# This output is used by Xcode 'outputs' to avoid re-running this script phase.\necho \"SUCCESS\" > \"${SCRIPT_OUTPUT_FILE_0}\"\n";
			showEnvVarsInLog = 0;
		};
		BCA22660FA78F3C44F9DAE43 /* [CP] Check Pods Manifest.lock */ = {
			isa = PBXShellScriptBuildPhase;
			buildActionMask = 2147483647;
			files = (
			);
			inputFileListPaths = (
			);
			inputPaths = (
				"${PODS_PODFILE_DIR_PATH}/Podfile.lock",
				"${PODS_ROOT}/Manifest.lock",
			);
			name = "[CP] Check Pods Manifest.lock";
			outputFileListPaths = (
			);
			outputPaths = (
				"$(DERIVED_FILE_DIR)/Pods-FoodDeliveryTests-checkManifestLockResult.txt",
			);
			runOnlyForDeploymentPostprocessing = 0;
			shellPath = /bin/sh;
			shellScript = "diff \"${PODS_PODFILE_DIR_PATH}/Podfile.lock\" \"${PODS_ROOT}/Manifest.lock\" > /dev/null\nif [ $? != 0 ] ; then\n    # print error to STDERR\n    echo \"error: The sandbox is not in sync with the Podfile.lock. Run 'pod install' or update your CocoaPods installation.\" >&2\n    exit 1\nfi\n# This output is used by Xcode 'outputs' to avoid re-running this script phase.\necho \"SUCCESS\" > \"${SCRIPT_OUTPUT_FILE_0}\"\n";
			showEnvVarsInLog = 0;
		};
		CDDDB64B93D4D7C3CC5D5BB8 /* [CP] Check Pods Manifest.lock */ = {
			isa = PBXShellScriptBuildPhase;
			buildActionMask = 2147483647;
			files = (
			);
			inputFileListPaths = (
			);
			inputPaths = (
				"${PODS_PODFILE_DIR_PATH}/Podfile.lock",
				"${PODS_ROOT}/Manifest.lock",
			);
			name = "[CP] Check Pods Manifest.lock";
			outputFileListPaths = (
			);
			outputPaths = (
				"$(DERIVED_FILE_DIR)/Pods-FoodDelivery-FoodDeliveryUITests-checkManifestLockResult.txt",
			);
			runOnlyForDeploymentPostprocessing = 0;
			shellPath = /bin/sh;
			shellScript = "diff \"${PODS_PODFILE_DIR_PATH}/Podfile.lock\" \"${PODS_ROOT}/Manifest.lock\" > /dev/null\nif [ $? != 0 ] ; then\n    # print error to STDERR\n    echo \"error: The sandbox is not in sync with the Podfile.lock. Run 'pod install' or update your CocoaPods installation.\" >&2\n    exit 1\nfi\n# This output is used by Xcode 'outputs' to avoid re-running this script phase.\necho \"SUCCESS\" > \"${SCRIPT_OUTPUT_FILE_0}\"\n";
			showEnvVarsInLog = 0;
		};
/* End PBXShellScriptBuildPhase section */

/* Begin PBXSourcesBuildPhase section */
		F43840E329628D9C00EFFFAD /* Sources */ = {
			isa = PBXSourcesBuildPhase;
			buildActionMask = 2147483647;
			files = (
				F43ECE5329C9E3D700794ACA /* CategoriesViewCell.swift in Sources */,
				F41646EC29AFD73E002A2E87 /* MoreViewController.swift in Sources */,
				F4EFF2D729A1B8AD00A72878 /* Ftux.swift in Sources */,
				F4099D4A29A3246300B764A3 /* FtuxViewModel.swift in Sources */,
				F4CD8F8829ADC80A0085D5D1 /* ResetPasswordViewController.swift in Sources */,
				F4099D4829A3208500B764A3 /* FDObservable.swift in Sources */,
				F43ECE5529C9E4D500794ACA /* CategoriesCollectionViewCell.swift in Sources */,
				F4F4D41629A1D25D00633A91 /* FtuxViewController.swift in Sources */,
				F41646F229AFD996002A2E87 /* FDTabBarController.swift in Sources */,
				F4266F2C29AE8140003B6A0C /* MainViewController.swift in Sources */,
				F41646EA29AFD6FB002A2E87 /* HomeViewController.swift in Sources */,
				F4F4D41729A1D26100633A91 /* CollectionViewCell.swift in Sources */,
				F4185C7029A5B81C00FC2EA5 /* RegisterViewController.swift in Sources */,
				F4EFF2DA29A1B9A400A72878 /* FtuxProvider.swift in Sources */,
				F43840EB29628D9C00EFFFAD /* AppDelegate.swift in Sources */,
				F403AB6429AB03C000B20D36 /* LoginViewModel.swift in Sources */,
				F4089D7029A4738800BE815C /* UIColorExtension.swift in Sources */,
				F4266F2929AE7499003B6A0C /* ResetPasswordViewModel.swift in Sources */,
				F41646F029AFD75F002A2E87 /* ProfileViewController.swift in Sources */,
				F41A6BFC29A9B5A900BC0A6E /* RegisterViewModel.swift in Sources */,
				F41646E629AFD667002A2E87 /* MenuViewController.swift in Sources */,
				F442504229A45D710040C8D1 /* LoginLandingViewController.swift in Sources */,
				F43840ED29628D9C00EFFFAD /* SceneDelegate.swift in Sources */,
				F436E9C829A950F10050A737 /* StringExtensions.swift in Sources */,
				F42EECA929A49462004B0617 /* LoginViewController.swift in Sources */,
				F41646EE29AFD74A002A2E87 /* OffersViewController.swift in Sources */,
			);
			runOnlyForDeploymentPostprocessing = 0;
		};
		F43840F929628DA000EFFFAD /* Sources */ = {
			isa = PBXSourcesBuildPhase;
			buildActionMask = 2147483647;
			files = (
				F438410229628DA000EFFFAD /* FoodDeliveryTests.swift in Sources */,
			);
			runOnlyForDeploymentPostprocessing = 0;
		};
		F438410329628DA000EFFFAD /* Sources */ = {
			isa = PBXSourcesBuildPhase;
			buildActionMask = 2147483647;
			files = (
				F438410E29628DA000EFFFAD /* FoodDeliveryUITestsLaunchTests.swift in Sources */,
				F438410C29628DA000EFFFAD /* FoodDeliveryUITests.swift in Sources */,
			);
			runOnlyForDeploymentPostprocessing = 0;
		};
/* End PBXSourcesBuildPhase section */

/* Begin PBXTargetDependency section */
		F43840FF29628DA000EFFFAD /* PBXTargetDependency */ = {
			isa = PBXTargetDependency;
			target = F43840E629628D9C00EFFFAD /* FoodDelivery */;
			targetProxy = F43840FE29628DA000EFFFAD /* PBXContainerItemProxy */;
		};
		F438410929628DA000EFFFAD /* PBXTargetDependency */ = {
			isa = PBXTargetDependency;
			target = F43840E629628D9C00EFFFAD /* FoodDelivery */;
			targetProxy = F438410829628DA000EFFFAD /* PBXContainerItemProxy */;
		};
/* End PBXTargetDependency section */

/* Begin PBXVariantGroup section */
		F43840F529628DA000EFFFAD /* LaunchScreen.storyboard */ = {
			isa = PBXVariantGroup;
			children = (
				F43840F629628DA000EFFFAD /* Base */,
			);
			name = LaunchScreen.storyboard;
			sourceTree = "<group>";
		};
/* End PBXVariantGroup section */

/* Begin XCBuildConfiguration section */
		F438410F29628DA000EFFFAD /* Debug */ = {
			isa = XCBuildConfiguration;
			buildSettings = {
				ALWAYS_SEARCH_USER_PATHS = NO;
				CLANG_ANALYZER_NONNULL = YES;
				CLANG_ANALYZER_NUMBER_OBJECT_CONVERSION = YES_AGGRESSIVE;
				CLANG_CXX_LANGUAGE_STANDARD = "gnu++20";
				CLANG_ENABLE_MODULES = YES;
				CLANG_ENABLE_OBJC_ARC = YES;
				CLANG_ENABLE_OBJC_WEAK = YES;
				CLANG_WARN_BLOCK_CAPTURE_AUTORELEASING = YES;
				CLANG_WARN_BOOL_CONVERSION = YES;
				CLANG_WARN_COMMA = YES;
				CLANG_WARN_CONSTANT_CONVERSION = YES;
				CLANG_WARN_DEPRECATED_OBJC_IMPLEMENTATIONS = YES;
				CLANG_WARN_DIRECT_OBJC_ISA_USAGE = YES_ERROR;
				CLANG_WARN_DOCUMENTATION_COMMENTS = YES;
				CLANG_WARN_EMPTY_BODY = YES;
				CLANG_WARN_ENUM_CONVERSION = YES;
				CLANG_WARN_INFINITE_RECURSION = YES;
				CLANG_WARN_INT_CONVERSION = YES;
				CLANG_WARN_NON_LITERAL_NULL_CONVERSION = YES;
				CLANG_WARN_OBJC_IMPLICIT_RETAIN_SELF = YES;
				CLANG_WARN_OBJC_LITERAL_CONVERSION = YES;
				CLANG_WARN_OBJC_ROOT_CLASS = YES_ERROR;
				CLANG_WARN_QUOTED_INCLUDE_IN_FRAMEWORK_HEADER = YES;
				CLANG_WARN_RANGE_LOOP_ANALYSIS = YES;
				CLANG_WARN_STRICT_PROTOTYPES = YES;
				CLANG_WARN_SUSPICIOUS_MOVE = YES;
				CLANG_WARN_UNGUARDED_AVAILABILITY = YES_AGGRESSIVE;
				CLANG_WARN_UNREACHABLE_CODE = YES;
				CLANG_WARN__DUPLICATE_METHOD_MATCH = YES;
				COPY_PHASE_STRIP = NO;
				DEBUG_INFORMATION_FORMAT = dwarf;
				ENABLE_STRICT_OBJC_MSGSEND = YES;
				ENABLE_TESTABILITY = YES;
				GCC_C_LANGUAGE_STANDARD = gnu11;
				GCC_DYNAMIC_NO_PIC = NO;
				GCC_NO_COMMON_BLOCKS = YES;
				GCC_OPTIMIZATION_LEVEL = 0;
				GCC_PREPROCESSOR_DEFINITIONS = (
					"DEBUG=1",
					"$(inherited)",
				);
				GCC_WARN_64_TO_32_BIT_CONVERSION = YES;
				GCC_WARN_ABOUT_RETURN_TYPE = YES_ERROR;
				GCC_WARN_UNDECLARED_SELECTOR = YES;
				GCC_WARN_UNINITIALIZED_AUTOS = YES_AGGRESSIVE;
				GCC_WARN_UNUSED_FUNCTION = YES;
				GCC_WARN_UNUSED_VARIABLE = YES;
				IPHONEOS_DEPLOYMENT_TARGET = 16.2;
				MTL_ENABLE_DEBUG_INFO = INCLUDE_SOURCE;
				MTL_FAST_MATH = YES;
				ONLY_ACTIVE_ARCH = YES;
				SDKROOT = iphoneos;
				SWIFT_ACTIVE_COMPILATION_CONDITIONS = DEBUG;
				SWIFT_OPTIMIZATION_LEVEL = "-Onone";
			};
			name = Debug;
		};
		F438411029628DA000EFFFAD /* Release */ = {
			isa = XCBuildConfiguration;
			buildSettings = {
				ALWAYS_SEARCH_USER_PATHS = NO;
				CLANG_ANALYZER_NONNULL = YES;
				CLANG_ANALYZER_NUMBER_OBJECT_CONVERSION = YES_AGGRESSIVE;
				CLANG_CXX_LANGUAGE_STANDARD = "gnu++20";
				CLANG_ENABLE_MODULES = YES;
				CLANG_ENABLE_OBJC_ARC = YES;
				CLANG_ENABLE_OBJC_WEAK = YES;
				CLANG_WARN_BLOCK_CAPTURE_AUTORELEASING = YES;
				CLANG_WARN_BOOL_CONVERSION = YES;
				CLANG_WARN_COMMA = YES;
				CLANG_WARN_CONSTANT_CONVERSION = YES;
				CLANG_WARN_DEPRECATED_OBJC_IMPLEMENTATIONS = YES;
				CLANG_WARN_DIRECT_OBJC_ISA_USAGE = YES_ERROR;
				CLANG_WARN_DOCUMENTATION_COMMENTS = YES;
				CLANG_WARN_EMPTY_BODY = YES;
				CLANG_WARN_ENUM_CONVERSION = YES;
				CLANG_WARN_INFINITE_RECURSION = YES;
				CLANG_WARN_INT_CONVERSION = YES;
				CLANG_WARN_NON_LITERAL_NULL_CONVERSION = YES;
				CLANG_WARN_OBJC_IMPLICIT_RETAIN_SELF = YES;
				CLANG_WARN_OBJC_LITERAL_CONVERSION = YES;
				CLANG_WARN_OBJC_ROOT_CLASS = YES_ERROR;
				CLANG_WARN_QUOTED_INCLUDE_IN_FRAMEWORK_HEADER = YES;
				CLANG_WARN_RANGE_LOOP_ANALYSIS = YES;
				CLANG_WARN_STRICT_PROTOTYPES = YES;
				CLANG_WARN_SUSPICIOUS_MOVE = YES;
				CLANG_WARN_UNGUARDED_AVAILABILITY = YES_AGGRESSIVE;
				CLANG_WARN_UNREACHABLE_CODE = YES;
				CLANG_WARN__DUPLICATE_METHOD_MATCH = YES;
				COPY_PHASE_STRIP = NO;
				DEBUG_INFORMATION_FORMAT = "dwarf-with-dsym";
				ENABLE_NS_ASSERTIONS = NO;
				ENABLE_STRICT_OBJC_MSGSEND = YES;
				GCC_C_LANGUAGE_STANDARD = gnu11;
				GCC_NO_COMMON_BLOCKS = YES;
				GCC_WARN_64_TO_32_BIT_CONVERSION = YES;
				GCC_WARN_ABOUT_RETURN_TYPE = YES_ERROR;
				GCC_WARN_UNDECLARED_SELECTOR = YES;
				GCC_WARN_UNINITIALIZED_AUTOS = YES_AGGRESSIVE;
				GCC_WARN_UNUSED_FUNCTION = YES;
				GCC_WARN_UNUSED_VARIABLE = YES;
				IPHONEOS_DEPLOYMENT_TARGET = 16.2;
				MTL_ENABLE_DEBUG_INFO = NO;
				MTL_FAST_MATH = YES;
				SDKROOT = iphoneos;
				SWIFT_COMPILATION_MODE = wholemodule;
				SWIFT_OPTIMIZATION_LEVEL = "-O";
				VALIDATE_PRODUCT = YES;
			};
			name = Release;
		};
		F438411229628DA000EFFFAD /* Debug */ = {
			isa = XCBuildConfiguration;
			baseConfigurationReference = 41C2BBCF4E7CC91099D632F1 /* Pods-FoodDelivery.debug.xcconfig */;
			buildSettings = {
				ASSETCATALOG_COMPILER_APPICON_NAME = AppIcon;
				ASSETCATALOG_COMPILER_GLOBAL_ACCENT_COLOR_NAME = AccentColor;
				CLANG_ENABLE_MODULES = YES;
				CODE_SIGN_ENTITLEMENTS = FoodDelivery/FoodDelivery.entitlements;
				CODE_SIGN_STYLE = Automatic;
				CURRENT_PROJECT_VERSION = 1;
				DEVELOPMENT_TEAM = 742C63FPDC;
				GENERATE_INFOPLIST_FILE = YES;
				INFOPLIST_FILE = FoodDelivery/Info.plist;
				INFOPLIST_KEY_CFBundleDisplayName = "Meal Monkey";
				INFOPLIST_KEY_UIApplicationSupportsIndirectInputEvents = YES;
				INFOPLIST_KEY_UILaunchStoryboardName = LaunchScreen.storyboard;
				INFOPLIST_KEY_UIMainStoryboardFile = Ftux;
				INFOPLIST_KEY_UISupportedInterfaceOrientations_iPad = "UIInterfaceOrientationPortrait UIInterfaceOrientationPortraitUpsideDown UIInterfaceOrientationLandscapeLeft UIInterfaceOrientationLandscapeRight";
				INFOPLIST_KEY_UISupportedInterfaceOrientations_iPhone = "UIInterfaceOrientationPortrait UIInterfaceOrientationLandscapeLeft UIInterfaceOrientationLandscapeRight";
				INFOPLIST_KEY_UIUserInterfaceStyle = Light;
				IPHONEOS_DEPLOYMENT_TARGET = 15.5;
				LD_RUNPATH_SEARCH_PATHS = (
					"$(inherited)",
					"@executable_path/Frameworks",
				);
				MARKETING_VERSION = 1.0;
				ONLY_ACTIVE_ARCH = YES;
				PRODUCT_BUNDLE_IDENTIFIER = com.FoodDelivery;
				PRODUCT_NAME = "$(TARGET_NAME)";
				SWIFT_EMIT_LOC_STRINGS = YES;
				SWIFT_OBJC_BRIDGING_HEADER = "";
				SWIFT_OPTIMIZATION_LEVEL = "-Onone";
				SWIFT_VERSION = 5.0;
				TARGETED_DEVICE_FAMILY = "1,2";
			};
			name = Debug;
		};
		F438411329628DA000EFFFAD /* Release */ = {
			isa = XCBuildConfiguration;
			baseConfigurationReference = F37D4D331FF9E51171085E41 /* Pods-FoodDelivery.release.xcconfig */;
			buildSettings = {
				ASSETCATALOG_COMPILER_APPICON_NAME = AppIcon;
				ASSETCATALOG_COMPILER_GLOBAL_ACCENT_COLOR_NAME = AccentColor;
				CLANG_ENABLE_MODULES = YES;
				CODE_SIGN_ENTITLEMENTS = FoodDelivery/FoodDelivery.entitlements;
				CODE_SIGN_STYLE = Automatic;
				CURRENT_PROJECT_VERSION = 1;
				DEVELOPMENT_TEAM = UM5JNC6JYW;
				GENERATE_INFOPLIST_FILE = YES;
				INFOPLIST_FILE = FoodDelivery/Info.plist;
				INFOPLIST_KEY_CFBundleDisplayName = "Meal Monkey";
				INFOPLIST_KEY_UIApplicationSupportsIndirectInputEvents = YES;
				INFOPLIST_KEY_UILaunchStoryboardName = LaunchScreen.storyboard;
				INFOPLIST_KEY_UIMainStoryboardFile = Ftux;
				INFOPLIST_KEY_UISupportedInterfaceOrientations_iPad = "UIInterfaceOrientationPortrait UIInterfaceOrientationPortraitUpsideDown UIInterfaceOrientationLandscapeLeft UIInterfaceOrientationLandscapeRight";
				INFOPLIST_KEY_UISupportedInterfaceOrientations_iPhone = "UIInterfaceOrientationPortrait UIInterfaceOrientationLandscapeLeft UIInterfaceOrientationLandscapeRight";
				INFOPLIST_KEY_UIUserInterfaceStyle = Light;
				IPHONEOS_DEPLOYMENT_TARGET = 15.5;
				LD_RUNPATH_SEARCH_PATHS = (
					"$(inherited)",
					"@executable_path/Frameworks",
				);
				MARKETING_VERSION = 1.0;
				PRODUCT_BUNDLE_IDENTIFIER = com.FoodDelivery;
				PRODUCT_NAME = "$(TARGET_NAME)";
				SWIFT_EMIT_LOC_STRINGS = YES;
				SWIFT_OBJC_BRIDGING_HEADER = "";
				SWIFT_VERSION = 5.0;
				TARGETED_DEVICE_FAMILY = "1,2";
			};
			name = Release;
		};
		F438411529628DA000EFFFAD /* Debug */ = {
			isa = XCBuildConfiguration;
			baseConfigurationReference = 8B9DC7CAC7FDE0D88ACF3117 /* Pods-FoodDeliveryTests.debug.xcconfig */;
			buildSettings = {
				ALWAYS_EMBED_SWIFT_STANDARD_LIBRARIES = YES;
				BUNDLE_LOADER = "$(TEST_HOST)";
				CODE_SIGN_STYLE = Automatic;
				CURRENT_PROJECT_VERSION = 1;
				DEVELOPMENT_TEAM = 742C63FPDC;
				GENERATE_INFOPLIST_FILE = YES;
				IPHONEOS_DEPLOYMENT_TARGET = 16.1;
				MARKETING_VERSION = 1.0;
				PRODUCT_BUNDLE_IDENTIFIER = com.FoodDeliveryTests;
				PRODUCT_NAME = "$(TARGET_NAME)";
				SWIFT_EMIT_LOC_STRINGS = NO;
				SWIFT_VERSION = 5.0;
				TARGETED_DEVICE_FAMILY = "1,2";
				TEST_HOST = "$(BUILT_PRODUCTS_DIR)/FoodDelivery.app/$(BUNDLE_EXECUTABLE_FOLDER_PATH)/FoodDelivery";
			};
			name = Debug;
		};
		F438411629628DA000EFFFAD /* Release */ = {
			isa = XCBuildConfiguration;
			baseConfigurationReference = 8A5F244609C899CFAA0BCD6D /* Pods-FoodDeliveryTests.release.xcconfig */;
			buildSettings = {
				ALWAYS_EMBED_SWIFT_STANDARD_LIBRARIES = YES;
				BUNDLE_LOADER = "$(TEST_HOST)";
				CODE_SIGN_STYLE = Automatic;
				CURRENT_PROJECT_VERSION = 1;
				DEVELOPMENT_TEAM = 742C63FPDC;
				GENERATE_INFOPLIST_FILE = YES;
				IPHONEOS_DEPLOYMENT_TARGET = 16.1;
				MARKETING_VERSION = 1.0;
				PRODUCT_BUNDLE_IDENTIFIER = com.FoodDeliveryTests;
				PRODUCT_NAME = "$(TARGET_NAME)";
				SWIFT_EMIT_LOC_STRINGS = NO;
				SWIFT_VERSION = 5.0;
				TARGETED_DEVICE_FAMILY = "1,2";
				TEST_HOST = "$(BUILT_PRODUCTS_DIR)/FoodDelivery.app/$(BUNDLE_EXECUTABLE_FOLDER_PATH)/FoodDelivery";
			};
			name = Release;
		};
		F438411829628DA000EFFFAD /* Debug */ = {
			isa = XCBuildConfiguration;
			baseConfigurationReference = 8C232B4D6B19F7BE7A2DB8DC /* Pods-FoodDelivery-FoodDeliveryUITests.debug.xcconfig */;
			buildSettings = {
				ALWAYS_EMBED_SWIFT_STANDARD_LIBRARIES = YES;
				CODE_SIGN_STYLE = Automatic;
				CURRENT_PROJECT_VERSION = 1;
				DEVELOPMENT_TEAM = 742C63FPDC;
				GENERATE_INFOPLIST_FILE = YES;
				MARKETING_VERSION = 1.0;
				PRODUCT_BUNDLE_IDENTIFIER = com.FoodDeliveryUITests;
				PRODUCT_NAME = "$(TARGET_NAME)";
				SWIFT_EMIT_LOC_STRINGS = NO;
				SWIFT_VERSION = 5.0;
				TARGETED_DEVICE_FAMILY = "1,2";
				TEST_TARGET_NAME = FoodDelivery;
			};
			name = Debug;
		};
		F438411929628DA000EFFFAD /* Release */ = {
			isa = XCBuildConfiguration;
			baseConfigurationReference = BB694EFA93DA1514DC46370B /* Pods-FoodDelivery-FoodDeliveryUITests.release.xcconfig */;
			buildSettings = {
				ALWAYS_EMBED_SWIFT_STANDARD_LIBRARIES = YES;
				CODE_SIGN_STYLE = Automatic;
				CURRENT_PROJECT_VERSION = 1;
				DEVELOPMENT_TEAM = 742C63FPDC;
				GENERATE_INFOPLIST_FILE = YES;
				MARKETING_VERSION = 1.0;
				PRODUCT_BUNDLE_IDENTIFIER = com.FoodDeliveryUITests;
				PRODUCT_NAME = "$(TARGET_NAME)";
				SWIFT_EMIT_LOC_STRINGS = NO;
				SWIFT_VERSION = 5.0;
				TARGETED_DEVICE_FAMILY = "1,2";
				TEST_TARGET_NAME = FoodDelivery;
			};
			name = Release;
		};
/* End XCBuildConfiguration section */

/* Begin XCConfigurationList section */
		F43840E229628D9C00EFFFAD /* Build configuration list for PBXProject "FoodDelivery" */ = {
			isa = XCConfigurationList;
			buildConfigurations = (
				F438410F29628DA000EFFFAD /* Debug */,
				F438411029628DA000EFFFAD /* Release */,
			);
			defaultConfigurationIsVisible = 0;
			defaultConfigurationName = Release;
		};
		F438411129628DA000EFFFAD /* Build configuration list for PBXNativeTarget "FoodDelivery" */ = {
			isa = XCConfigurationList;
			buildConfigurations = (
				F438411229628DA000EFFFAD /* Debug */,
				F438411329628DA000EFFFAD /* Release */,
			);
			defaultConfigurationIsVisible = 0;
			defaultConfigurationName = Release;
		};
		F438411429628DA000EFFFAD /* Build configuration list for PBXNativeTarget "FoodDeliveryTests" */ = {
			isa = XCConfigurationList;
			buildConfigurations = (
				F438411529628DA000EFFFAD /* Debug */,
				F438411629628DA000EFFFAD /* Release */,
			);
			defaultConfigurationIsVisible = 0;
			defaultConfigurationName = Release;
		};
		F438411729628DA000EFFFAD /* Build configuration list for PBXNativeTarget "FoodDeliveryUITests" */ = {
			isa = XCConfigurationList;
			buildConfigurations = (
				F438411829628DA000EFFFAD /* Debug */,
				F438411929628DA000EFFFAD /* Release */,
			);
			defaultConfigurationIsVisible = 0;
			defaultConfigurationName = Release;
		};
/* End XCConfigurationList section */
	};
	rootObject = F43840DF29628D9C00EFFFAD /* Project object */;
}
